// !$*UTF8*$!
{
	archiveVersion = 1;
	classes = {
	};
	objectVersion = 56;
	objects = {

/* Begin PBXBuildFile section */
		004EB896EFA45577811316F8 /* Pods_MoviesApp_MoviesAppUITests.framework in Frameworks */ = {isa = PBXBuildFile; fileRef = 682DA1C1044DCD87F2D20925 /* Pods_MoviesApp_MoviesAppUITests.framework */; };
		0B9E191E2B154429009C5719 /* AppDelegate.swift in Sources */ = {isa = PBXBuildFile; fileRef = 0B9E191D2B154429009C5719 /* AppDelegate.swift */; };
		0B9E19202B154429009C5719 /* SceneDelegate.swift in Sources */ = {isa = PBXBuildFile; fileRef = 0B9E191F2B154429009C5719 /* SceneDelegate.swift */; };
		0B9E19252B154429009C5719 /* Main.storyboard in Resources */ = {isa = PBXBuildFile; fileRef = 0B9E19232B154429009C5719 /* Main.storyboard */; };
		0B9E19272B15442A009C5719 /* Assets.xcassets in Resources */ = {isa = PBXBuildFile; fileRef = 0B9E19262B15442A009C5719 /* Assets.xcassets */; };
		0B9E192A2B15442A009C5719 /* LaunchScreen.storyboard in Resources */ = {isa = PBXBuildFile; fileRef = 0B9E19282B15442A009C5719 /* LaunchScreen.storyboard */; };
		0B9E19352B15442A009C5719 /* MoviesAppTests.swift in Sources */ = {isa = PBXBuildFile; fileRef = 0B9E19342B15442A009C5719 /* MoviesAppTests.swift */; };
		0B9E193F2B15442A009C5719 /* MoviesAppUITests.swift in Sources */ = {isa = PBXBuildFile; fileRef = 0B9E193E2B15442A009C5719 /* MoviesAppUITests.swift */; };
		0B9E19412B15442A009C5719 /* MoviesAppUITestsLaunchTests.swift in Sources */ = {isa = PBXBuildFile; fileRef = 0B9E19402B15442A009C5719 /* MoviesAppUITestsLaunchTests.swift */; };
		0B9E19942B15DC53009C5719 /* MoviesListViewController.swift in Sources */ = {isa = PBXBuildFile; fileRef = 0B9E19922B15DC53009C5719 /* MoviesListViewController.swift */; };
		0B9E19992B15DD39009C5719 /* MoviesListTableViewCell.swift in Sources */ = {isa = PBXBuildFile; fileRef = 0B9E19972B15DD39009C5719 /* MoviesListTableViewCell.swift */; };
		0B9E199A2B15DD39009C5719 /* MoviesListTableViewCell.xib in Resources */ = {isa = PBXBuildFile; fileRef = 0B9E19982B15DD39009C5719 /* MoviesListTableViewCell.xib */; };
		0B9E199D2B15DD59009C5719 /* MoviesListViewModel.swift in Sources */ = {isa = PBXBuildFile; fileRef = 0B9E199C2B15DD59009C5719 /* MoviesListViewModel.swift */; };
		0B9E199E2B15DE27009C5719 /* MoviesListViewModel.swift in Sources */ = {isa = PBXBuildFile; fileRef = 0B9E199C2B15DD59009C5719 /* MoviesListViewModel.swift */; };
		0B9E19A32B15E012009C5719 /* MoviesListRepository.swift in Sources */ = {isa = PBXBuildFile; fileRef = 0B9E19A22B15E012009C5719 /* MoviesListRepository.swift */; };
		0B9E19A52B15E0A7009C5719 /* MoviesListUseCase.swift in Sources */ = {isa = PBXBuildFile; fileRef = 0B9E19A42B15E0A7009C5719 /* MoviesListUseCase.swift */; };
		0B9E19A62B15E0A7009C5719 /* MoviesListUseCase.swift in Sources */ = {isa = PBXBuildFile; fileRef = 0B9E19A42B15E0A7009C5719 /* MoviesListUseCase.swift */; };
		0B9E19A92B15E761009C5719 /* MoviesListRepositoryImpl.swift in Sources */ = {isa = PBXBuildFile; fileRef = 0B9E19A82B15E761009C5719 /* MoviesListRepositoryImpl.swift */; };
		0B9E19AA2B15E761009C5719 /* MoviesListRepositoryImpl.swift in Sources */ = {isa = PBXBuildFile; fileRef = 0B9E19A82B15E761009C5719 /* MoviesListRepositoryImpl.swift */; };
		0B9E19AC2B15ECF0009C5719 /* Movie.swift in Sources */ = {isa = PBXBuildFile; fileRef = 0B9E19AB2B15ECF0009C5719 /* Movie.swift */; };
		0B9E19AD2B15ECF0009C5719 /* Movie.swift in Sources */ = {isa = PBXBuildFile; fileRef = 0B9E19AB2B15ECF0009C5719 /* Movie.swift */; };
		0B9E19AF2B15ED1E009C5719 /* MovieListResponse.swift in Sources */ = {isa = PBXBuildFile; fileRef = 0B9E19AE2B15ED1E009C5719 /* MovieListResponse.swift */; };
		0B9E19B02B15ED1E009C5719 /* MovieListResponse.swift in Sources */ = {isa = PBXBuildFile; fileRef = 0B9E19AE2B15ED1E009C5719 /* MovieListResponse.swift */; };
		0B9E19B52B1603E0009C5719 /* NetworkLogger.swift in Sources */ = {isa = PBXBuildFile; fileRef = 0B9E19B42B1603E0009C5719 /* NetworkLogger.swift */; };
		0B9E19B62B1603E0009C5719 /* NetworkLogger.swift in Sources */ = {isa = PBXBuildFile; fileRef = 0B9E19B42B1603E0009C5719 /* NetworkLogger.swift */; };
		0B9E19CB2B1628F3009C5719 /* MoviesListRepository.swift in Sources */ = {isa = PBXBuildFile; fileRef = 0B9E19A22B15E012009C5719 /* MoviesListRepository.swift */; };
		0B9E19CE2B163476009C5719 /* URLConfiguration.swift in Sources */ = {isa = PBXBuildFile; fileRef = 0B9E19CC2B163476009C5719 /* URLConfiguration.swift */; };
		0B9E19CF2B163476009C5719 /* URLConfiguration.swift in Sources */ = {isa = PBXBuildFile; fileRef = 0B9E19CC2B163476009C5719 /* URLConfiguration.swift */; };
		0B9E19D02B163476009C5719 /* Endpoint.swift in Sources */ = {isa = PBXBuildFile; fileRef = 0B9E19CD2B163476009C5719 /* Endpoint.swift */; };
		0B9E19D12B163476009C5719 /* Endpoint.swift in Sources */ = {isa = PBXBuildFile; fileRef = 0B9E19CD2B163476009C5719 /* Endpoint.swift */; };
		0B9E19D32B1634CC009C5719 /* NetworkService.swift in Sources */ = {isa = PBXBuildFile; fileRef = 0B9E19D22B1634CC009C5719 /* NetworkService.swift */; };
		0B9E19D42B1634CC009C5719 /* NetworkService.swift in Sources */ = {isa = PBXBuildFile; fileRef = 0B9E19D22B1634CC009C5719 /* NetworkService.swift */; };
		0B9E19D92B16419A009C5719 /* URLSession + Extension.swift in Sources */ = {isa = PBXBuildFile; fileRef = 0B9E19D82B164199009C5719 /* URLSession + Extension.swift */; };
		0B9E19DA2B16419A009C5719 /* URLSession + Extension.swift in Sources */ = {isa = PBXBuildFile; fileRef = 0B9E19D82B164199009C5719 /* URLSession + Extension.swift */; };
		0B9E19DC2B164483009C5719 /* NetworkSessionManager.swift in Sources */ = {isa = PBXBuildFile; fileRef = 0B9E19DB2B164483009C5719 /* NetworkSessionManager.swift */; };
		0B9E19DD2B164483009C5719 /* NetworkSessionManager.swift in Sources */ = {isa = PBXBuildFile; fileRef = 0B9E19DB2B164483009C5719 /* NetworkSessionManager.swift */; };
		0B9E19E02B164662009C5719 /* RepositoryTask.swift in Sources */ = {isa = PBXBuildFile; fileRef = 0B9E19DF2B164662009C5719 /* RepositoryTask.swift */; };
		0B9E19E12B164662009C5719 /* RepositoryTask.swift in Sources */ = {isa = PBXBuildFile; fileRef = 0B9E19DF2B164662009C5719 /* RepositoryTask.swift */; };
		0B9E19E32B172292009C5719 /* DataTransferService.swift in Sources */ = {isa = PBXBuildFile; fileRef = 0B9E19E22B172292009C5719 /* DataTransferService.swift */; };
		0B9E19E42B172292009C5719 /* DataTransferService.swift in Sources */ = {isa = PBXBuildFile; fileRef = 0B9E19E22B172292009C5719 /* DataTransferService.swift */; };
		0B9E19E72B1728E3009C5719 /* DataTransferError.swift in Sources */ = {isa = PBXBuildFile; fileRef = 0B9E19E62B1728E3009C5719 /* DataTransferError.swift */; };
		0B9E19E82B1728E3009C5719 /* DataTransferError.swift in Sources */ = {isa = PBXBuildFile; fileRef = 0B9E19E62B1728E3009C5719 /* DataTransferError.swift */; };
		0B9E19EA2B172929009C5719 /* DispatchQueue+Extension.swift in Sources */ = {isa = PBXBuildFile; fileRef = 0B9E19E92B172929009C5719 /* DispatchQueue+Extension.swift */; };
		0B9E19EB2B172929009C5719 /* DispatchQueue+Extension.swift in Sources */ = {isa = PBXBuildFile; fileRef = 0B9E19E92B172929009C5719 /* DispatchQueue+Extension.swift */; };
		0B9E19ED2B175B93009C5719 /* URLConfigurationMock.swift in Sources */ = {isa = PBXBuildFile; fileRef = 0B9E19EC2B175B93009C5719 /* URLConfigurationMock.swift */; };
		0B9E19EF2B175BDD009C5719 /* NetworkSessionManagerMock.swift in Sources */ = {isa = PBXBuildFile; fileRef = 0B9E19EE2B175BDD009C5719 /* NetworkSessionManagerMock.swift */; };
		0B9E19F12B175C24009C5719 /* NetworkServiceTests.swift in Sources */ = {isa = PBXBuildFile; fileRef = 0B9E19F02B175C24009C5719 /* NetworkServiceTests.swift */; };
		0B9E19F32B176799009C5719 /* EndpointMock.swift in Sources */ = {isa = PBXBuildFile; fileRef = 0B9E19F22B176799009C5719 /* EndpointMock.swift */; };
		0B9E19F52B1767F5009C5719 /* NetworkLoggerMock.swift in Sources */ = {isa = PBXBuildFile; fileRef = 0B9E19F42B1767F5009C5719 /* NetworkLoggerMock.swift */; };
		0B9E19F82B176B76009C5719 /* NetworkRequestRepresentable.swift in Sources */ = {isa = PBXBuildFile; fileRef = 0B9E19F72B176B76009C5719 /* NetworkRequestRepresentable.swift */; };
		0B9E19F92B176C2D009C5719 /* NetworkRequestRepresentable.swift in Sources */ = {isa = PBXBuildFile; fileRef = 0B9E19F72B176B76009C5719 /* NetworkRequestRepresentable.swift */; };
		0B9E19FB2B177406009C5719 /* DataTransferServiceTests.swift in Sources */ = {isa = PBXBuildFile; fileRef = 0B9E19FA2B177406009C5719 /* DataTransferServiceTests.swift */; };
		0B9E19FD2B178D36009C5719 /* MoviesListFactory.swift in Sources */ = {isa = PBXBuildFile; fileRef = 0B9E19FC2B178D36009C5719 /* MoviesListFactory.swift */; };
		0B9E1A002B178F28009C5719 /* StoryboardInstantiable.swift in Sources */ = {isa = PBXBuildFile; fileRef = 0B9E19FF2B178F28009C5719 /* StoryboardInstantiable.swift */; };
		0B9E1A012B178F28009C5719 /* StoryboardInstantiable.swift in Sources */ = {isa = PBXBuildFile; fileRef = 0B9E19FF2B178F28009C5719 /* StoryboardInstantiable.swift */; };
		0B9E1A042B17943F009C5719 /* AppDIFactory.swift in Sources */ = {isa = PBXBuildFile; fileRef = 0B9E1A032B17943F009C5719 /* AppDIFactory.swift */; };
		0B9E1A052B17943F009C5719 /* AppDIFactory.swift in Sources */ = {isa = PBXBuildFile; fileRef = 0B9E1A032B17943F009C5719 /* AppDIFactory.swift */; };
		0B9E1A082B1794D4009C5719 /* AppConfiguration.swift in Sources */ = {isa = PBXBuildFile; fileRef = 0B9E1A072B1794D4009C5719 /* AppConfiguration.swift */; };
		0B9E1A092B1794D4009C5719 /* AppConfiguration.swift in Sources */ = {isa = PBXBuildFile; fileRef = 0B9E1A072B1794D4009C5719 /* AppConfiguration.swift */; };
		0B9E1A0E2B17A47E009C5719 /* MoviesListViewController.storyboard in Resources */ = {isa = PBXBuildFile; fileRef = 0B9E1A0D2B17A47E009C5719 /* MoviesListViewController.storyboard */; };
		0BC0DBBB2B17BF88002CE0E5 /* MoviesListRequest.swift in Sources */ = {isa = PBXBuildFile; fileRef = 0BC0DBBA2B17BF88002CE0E5 /* MoviesListRequest.swift */; };
		0BC0DBBE2B17CBC4002CE0E5 /* GetMoviesListUseCaseTests.swift in Sources */ = {isa = PBXBuildFile; fileRef = 0BC0DBBD2B17CBC4002CE0E5 /* GetMoviesListUseCaseTests.swift */; };
		0BC0DBC02B17CD0D002CE0E5 /* NetworkErrorMock.swift in Sources */ = {isa = PBXBuildFile; fileRef = 0BC0DBBF2B17CD0D002CE0E5 /* NetworkErrorMock.swift */; };
		0BC0DBC12B17CF69002CE0E5 /* MoviesListRequest.swift in Sources */ = {isa = PBXBuildFile; fileRef = 0BC0DBBA2B17BF88002CE0E5 /* MoviesListRequest.swift */; };
		0BC0DBC32B17DB8E002CE0E5 /* MoviesListViewModelTests.swift in Sources */ = {isa = PBXBuildFile; fileRef = 0BC0DBC22B17DB8E002CE0E5 /* MoviesListViewModelTests.swift */; };
		0BC0DBC52B17EF9E002CE0E5 /* MoviesListMapper.swift in Sources */ = {isa = PBXBuildFile; fileRef = 0BC0DBC42B17EF9E002CE0E5 /* MoviesListMapper.swift */; };
		0BC0DBC62B17EF9E002CE0E5 /* MoviesListMapper.swift in Sources */ = {isa = PBXBuildFile; fileRef = 0BC0DBC42B17EF9E002CE0E5 /* MoviesListMapper.swift */; };
		0BC0DBC82B17F0C4002CE0E5 /* MoviesListDisplayModelMapper.swift in Sources */ = {isa = PBXBuildFile; fileRef = 0BC0DBC72B17F0C4002CE0E5 /* MoviesListDisplayModelMapper.swift */; };
		0BC0DBC92B17F0C4002CE0E5 /* MoviesListDisplayModelMapper.swift in Sources */ = {isa = PBXBuildFile; fileRef = 0BC0DBC72B17F0C4002CE0E5 /* MoviesListDisplayModelMapper.swift */; };
		0BC0DBCE2B17F54E002CE0E5 /* MoviesListMapperTests.swift in Sources */ = {isa = PBXBuildFile; fileRef = 0BC0DBCD2B17F54E002CE0E5 /* MoviesListMapperTests.swift */; };
		0BC0DBD02B17FDA6002CE0E5 /* UIImageView+Extension.swift in Sources */ = {isa = PBXBuildFile; fileRef = 0BC0DBCF2B17FDA6002CE0E5 /* UIImageView+Extension.swift */; };
		0BC0DBD12B17FDA6002CE0E5 /* UIImageView+Extension.swift in Sources */ = {isa = PBXBuildFile; fileRef = 0BC0DBCF2B17FDA6002CE0E5 /* UIImageView+Extension.swift */; };
		0BC0DBD32B17FDE1002CE0E5 /* CGSize+Extension.swift in Sources */ = {isa = PBXBuildFile; fileRef = 0BC0DBD22B17FDE1002CE0E5 /* CGSize+Extension.swift */; };
		0BC0DBD42B17FDE1002CE0E5 /* CGSize+Extension.swift in Sources */ = {isa = PBXBuildFile; fileRef = 0BC0DBD22B17FDE1002CE0E5 /* CGSize+Extension.swift */; };
		888FE6D1F30E24955F98DC26 /* Pods_MoviesApp.framework in Frameworks */ = {isa = PBXBuildFile; fileRef = 95420695528E9E9BEC1D6FA0 /* Pods_MoviesApp.framework */; };
		E60C6CD7D004AF4AFB84372E /* Pods_MoviesAppTests.framework in Frameworks */ = {isa = PBXBuildFile; fileRef = AD4E27AB4071013780C52AE8 /* Pods_MoviesAppTests.framework */; };
/* End PBXBuildFile section */

/* Begin PBXContainerItemProxy section */
		0B9E19312B15442A009C5719 /* PBXContainerItemProxy */ = {
			isa = PBXContainerItemProxy;
			containerPortal = 0B9E19122B154429009C5719 /* Project object */;
			proxyType = 1;
			remoteGlobalIDString = 0B9E19192B154429009C5719;
			remoteInfo = MoviesApp;
		};
		0B9E193B2B15442A009C5719 /* PBXContainerItemProxy */ = {
			isa = PBXContainerItemProxy;
			containerPortal = 0B9E19122B154429009C5719 /* Project object */;
			proxyType = 1;
			remoteGlobalIDString = 0B9E19192B154429009C5719;
			remoteInfo = MoviesApp;
		};
/* End PBXContainerItemProxy section */

/* Begin PBXFileReference section */
		0B9E191A2B154429009C5719 /* MoviesApp.app */ = {isa = PBXFileReference; explicitFileType = wrapper.application; includeInIndex = 0; path = MoviesApp.app; sourceTree = BUILT_PRODUCTS_DIR; };
		0B9E191D2B154429009C5719 /* AppDelegate.swift */ = {isa = PBXFileReference; lastKnownFileType = sourcecode.swift; path = AppDelegate.swift; sourceTree = "<group>"; };
		0B9E191F2B154429009C5719 /* SceneDelegate.swift */ = {isa = PBXFileReference; lastKnownFileType = sourcecode.swift; path = SceneDelegate.swift; sourceTree = "<group>"; };
		0B9E19242B154429009C5719 /* Base */ = {isa = PBXFileReference; lastKnownFileType = file.storyboard; name = Base; path = Base.lproj/Main.storyboard; sourceTree = "<group>"; };
		0B9E19262B15442A009C5719 /* Assets.xcassets */ = {isa = PBXFileReference; lastKnownFileType = folder.assetcatalog; path = Assets.xcassets; sourceTree = "<group>"; };
		0B9E19292B15442A009C5719 /* Base */ = {isa = PBXFileReference; lastKnownFileType = file.storyboard; name = Base; path = Base.lproj/LaunchScreen.storyboard; sourceTree = "<group>"; };
		0B9E192B2B15442A009C5719 /* Info.plist */ = {isa = PBXFileReference; lastKnownFileType = text.plist.xml; path = Info.plist; sourceTree = "<group>"; };
		0B9E19302B15442A009C5719 /* MoviesAppTests.xctest */ = {isa = PBXFileReference; explicitFileType = wrapper.cfbundle; includeInIndex = 0; path = MoviesAppTests.xctest; sourceTree = BUILT_PRODUCTS_DIR; };
		0B9E19342B15442A009C5719 /* MoviesAppTests.swift */ = {isa = PBXFileReference; lastKnownFileType = sourcecode.swift; path = MoviesAppTests.swift; sourceTree = "<group>"; };
		0B9E193A2B15442A009C5719 /* MoviesAppUITests.xctest */ = {isa = PBXFileReference; explicitFileType = wrapper.cfbundle; includeInIndex = 0; path = MoviesAppUITests.xctest; sourceTree = BUILT_PRODUCTS_DIR; };
		0B9E193E2B15442A009C5719 /* MoviesAppUITests.swift */ = {isa = PBXFileReference; lastKnownFileType = sourcecode.swift; path = MoviesAppUITests.swift; sourceTree = "<group>"; };
		0B9E19402B15442A009C5719 /* MoviesAppUITestsLaunchTests.swift */ = {isa = PBXFileReference; lastKnownFileType = sourcecode.swift; path = MoviesAppUITestsLaunchTests.swift; sourceTree = "<group>"; };
		0B9E19922B15DC53009C5719 /* MoviesListViewController.swift */ = {isa = PBXFileReference; lastKnownFileType = sourcecode.swift; path = MoviesListViewController.swift; sourceTree = "<group>"; };
		0B9E19972B15DD39009C5719 /* MoviesListTableViewCell.swift */ = {isa = PBXFileReference; lastKnownFileType = sourcecode.swift; path = MoviesListTableViewCell.swift; sourceTree = "<group>"; };
		0B9E19982B15DD39009C5719 /* MoviesListTableViewCell.xib */ = {isa = PBXFileReference; lastKnownFileType = file.xib; path = MoviesListTableViewCell.xib; sourceTree = "<group>"; };
		0B9E199C2B15DD59009C5719 /* MoviesListViewModel.swift */ = {isa = PBXFileReference; lastKnownFileType = sourcecode.swift; path = MoviesListViewModel.swift; sourceTree = "<group>"; };
		0B9E19A22B15E012009C5719 /* MoviesListRepository.swift */ = {isa = PBXFileReference; lastKnownFileType = sourcecode.swift; path = MoviesListRepository.swift; sourceTree = "<group>"; };
		0B9E19A42B15E0A7009C5719 /* MoviesListUseCase.swift */ = {isa = PBXFileReference; lastKnownFileType = sourcecode.swift; path = MoviesListUseCase.swift; sourceTree = "<group>"; };
		0B9E19A82B15E761009C5719 /* MoviesListRepositoryImpl.swift */ = {isa = PBXFileReference; lastKnownFileType = sourcecode.swift; path = MoviesListRepositoryImpl.swift; sourceTree = "<group>"; };
		0B9E19AB2B15ECF0009C5719 /* Movie.swift */ = {isa = PBXFileReference; lastKnownFileType = sourcecode.swift; path = Movie.swift; sourceTree = "<group>"; };
		0B9E19AE2B15ED1E009C5719 /* MovieListResponse.swift */ = {isa = PBXFileReference; lastKnownFileType = sourcecode.swift; path = MovieListResponse.swift; sourceTree = "<group>"; };
		0B9E19B42B1603E0009C5719 /* NetworkLogger.swift */ = {isa = PBXFileReference; lastKnownFileType = sourcecode.swift; path = NetworkLogger.swift; sourceTree = "<group>"; };
		0B9E19CC2B163476009C5719 /* URLConfiguration.swift */ = {isa = PBXFileReference; fileEncoding = 4; lastKnownFileType = sourcecode.swift; path = URLConfiguration.swift; sourceTree = "<group>"; };
		0B9E19CD2B163476009C5719 /* Endpoint.swift */ = {isa = PBXFileReference; fileEncoding = 4; lastKnownFileType = sourcecode.swift; path = Endpoint.swift; sourceTree = "<group>"; };
		0B9E19D22B1634CC009C5719 /* NetworkService.swift */ = {isa = PBXFileReference; lastKnownFileType = sourcecode.swift; path = NetworkService.swift; sourceTree = "<group>"; };
		0B9E19D82B164199009C5719 /* URLSession + Extension.swift */ = {isa = PBXFileReference; lastKnownFileType = sourcecode.swift; path = "URLSession + Extension.swift"; sourceTree = "<group>"; };
		0B9E19DB2B164483009C5719 /* NetworkSessionManager.swift */ = {isa = PBXFileReference; lastKnownFileType = sourcecode.swift; path = NetworkSessionManager.swift; sourceTree = "<group>"; };
		0B9E19DF2B164662009C5719 /* RepositoryTask.swift */ = {isa = PBXFileReference; lastKnownFileType = sourcecode.swift; path = RepositoryTask.swift; sourceTree = "<group>"; };
		0B9E19E22B172292009C5719 /* DataTransferService.swift */ = {isa = PBXFileReference; lastKnownFileType = sourcecode.swift; path = DataTransferService.swift; sourceTree = "<group>"; };
		0B9E19E62B1728E3009C5719 /* DataTransferError.swift */ = {isa = PBXFileReference; lastKnownFileType = sourcecode.swift; path = DataTransferError.swift; sourceTree = "<group>"; };
		0B9E19E92B172929009C5719 /* DispatchQueue+Extension.swift */ = {isa = PBXFileReference; lastKnownFileType = sourcecode.swift; path = "DispatchQueue+Extension.swift"; sourceTree = "<group>"; };
		0B9E19EC2B175B93009C5719 /* URLConfigurationMock.swift */ = {isa = PBXFileReference; lastKnownFileType = sourcecode.swift; path = URLConfigurationMock.swift; sourceTree = "<group>"; };
		0B9E19EE2B175BDD009C5719 /* NetworkSessionManagerMock.swift */ = {isa = PBXFileReference; lastKnownFileType = sourcecode.swift; path = NetworkSessionManagerMock.swift; sourceTree = "<group>"; };
		0B9E19F02B175C24009C5719 /* NetworkServiceTests.swift */ = {isa = PBXFileReference; lastKnownFileType = sourcecode.swift; path = NetworkServiceTests.swift; sourceTree = "<group>"; };
		0B9E19F22B176799009C5719 /* EndpointMock.swift */ = {isa = PBXFileReference; lastKnownFileType = sourcecode.swift; path = EndpointMock.swift; sourceTree = "<group>"; };
		0B9E19F42B1767F5009C5719 /* NetworkLoggerMock.swift */ = {isa = PBXFileReference; lastKnownFileType = sourcecode.swift; path = NetworkLoggerMock.swift; sourceTree = "<group>"; };
		0B9E19F72B176B76009C5719 /* NetworkRequestRepresentable.swift */ = {isa = PBXFileReference; lastKnownFileType = sourcecode.swift; path = NetworkRequestRepresentable.swift; sourceTree = "<group>"; };
		0B9E19FA2B177406009C5719 /* DataTransferServiceTests.swift */ = {isa = PBXFileReference; lastKnownFileType = sourcecode.swift; path = DataTransferServiceTests.swift; sourceTree = "<group>"; };
		0B9E19FC2B178D36009C5719 /* MoviesListFactory.swift */ = {isa = PBXFileReference; lastKnownFileType = sourcecode.swift; path = MoviesListFactory.swift; sourceTree = "<group>"; };
		0B9E19FF2B178F28009C5719 /* StoryboardInstantiable.swift */ = {isa = PBXFileReference; lastKnownFileType = sourcecode.swift; path = StoryboardInstantiable.swift; sourceTree = "<group>"; };
		0B9E1A032B17943F009C5719 /* AppDIFactory.swift */ = {isa = PBXFileReference; lastKnownFileType = sourcecode.swift; path = AppDIFactory.swift; sourceTree = "<group>"; };
		0B9E1A072B1794D4009C5719 /* AppConfiguration.swift */ = {isa = PBXFileReference; lastKnownFileType = sourcecode.swift; path = AppConfiguration.swift; sourceTree = "<group>"; };
		0B9E1A0D2B17A47E009C5719 /* MoviesListViewController.storyboard */ = {isa = PBXFileReference; lastKnownFileType = file.storyboard; path = MoviesListViewController.storyboard; sourceTree = "<group>"; };
		0BC0DBBA2B17BF88002CE0E5 /* MoviesListRequest.swift */ = {isa = PBXFileReference; lastKnownFileType = sourcecode.swift; path = MoviesListRequest.swift; sourceTree = "<group>"; };
		0BC0DBBD2B17CBC4002CE0E5 /* GetMoviesListUseCaseTests.swift */ = {isa = PBXFileReference; lastKnownFileType = sourcecode.swift; path = GetMoviesListUseCaseTests.swift; sourceTree = "<group>"; };
		0BC0DBBF2B17CD0D002CE0E5 /* NetworkErrorMock.swift */ = {isa = PBXFileReference; lastKnownFileType = sourcecode.swift; path = NetworkErrorMock.swift; sourceTree = "<group>"; };
		0BC0DBC22B17DB8E002CE0E5 /* MoviesListViewModelTests.swift */ = {isa = PBXFileReference; lastKnownFileType = sourcecode.swift; path = MoviesListViewModelTests.swift; sourceTree = "<group>"; };
		0BC0DBC42B17EF9E002CE0E5 /* MoviesListMapper.swift */ = {isa = PBXFileReference; lastKnownFileType = sourcecode.swift; path = MoviesListMapper.swift; sourceTree = "<group>"; };
		0BC0DBC72B17F0C4002CE0E5 /* MoviesListDisplayModelMapper.swift */ = {isa = PBXFileReference; lastKnownFileType = sourcecode.swift; path = MoviesListDisplayModelMapper.swift; sourceTree = "<group>"; };
		0BC0DBCD2B17F54E002CE0E5 /* MoviesListMapperTests.swift */ = {isa = PBXFileReference; lastKnownFileType = sourcecode.swift; path = MoviesListMapperTests.swift; sourceTree = "<group>"; };
		0BC0DBCF2B17FDA6002CE0E5 /* UIImageView+Extension.swift */ = {isa = PBXFileReference; lastKnownFileType = sourcecode.swift; path = "UIImageView+Extension.swift"; sourceTree = "<group>"; };
		0BC0DBD22B17FDE1002CE0E5 /* CGSize+Extension.swift */ = {isa = PBXFileReference; lastKnownFileType = sourcecode.swift; path = "CGSize+Extension.swift"; sourceTree = "<group>"; };
		4061D7880151D3873E0C29A2 /* Pods-MoviesAppTests.debug.xcconfig */ = {isa = PBXFileReference; includeInIndex = 1; lastKnownFileType = text.xcconfig; name = "Pods-MoviesAppTests.debug.xcconfig"; path = "Target Support Files/Pods-MoviesAppTests/Pods-MoviesAppTests.debug.xcconfig"; sourceTree = "<group>"; };
		590023D8CA295EC0153CDBA6 /* Pods-MoviesAppTests.release.xcconfig */ = {isa = PBXFileReference; includeInIndex = 1; lastKnownFileType = text.xcconfig; name = "Pods-MoviesAppTests.release.xcconfig"; path = "Target Support Files/Pods-MoviesAppTests/Pods-MoviesAppTests.release.xcconfig"; sourceTree = "<group>"; };
		61A6B86AA579DB98A9E00C68 /* Pods-MoviesApp.release.xcconfig */ = {isa = PBXFileReference; includeInIndex = 1; lastKnownFileType = text.xcconfig; name = "Pods-MoviesApp.release.xcconfig"; path = "Target Support Files/Pods-MoviesApp/Pods-MoviesApp.release.xcconfig"; sourceTree = "<group>"; };
		682DA1C1044DCD87F2D20925 /* Pods_MoviesApp_MoviesAppUITests.framework */ = {isa = PBXFileReference; explicitFileType = wrapper.framework; includeInIndex = 0; path = Pods_MoviesApp_MoviesAppUITests.framework; sourceTree = BUILT_PRODUCTS_DIR; };
		95420695528E9E9BEC1D6FA0 /* Pods_MoviesApp.framework */ = {isa = PBXFileReference; explicitFileType = wrapper.framework; includeInIndex = 0; path = Pods_MoviesApp.framework; sourceTree = BUILT_PRODUCTS_DIR; };
		95DB999D81A8EBBE39ABC3B2 /* Pods-MoviesApp.debug.xcconfig */ = {isa = PBXFileReference; includeInIndex = 1; lastKnownFileType = text.xcconfig; name = "Pods-MoviesApp.debug.xcconfig"; path = "Target Support Files/Pods-MoviesApp/Pods-MoviesApp.debug.xcconfig"; sourceTree = "<group>"; };
		AD4E27AB4071013780C52AE8 /* Pods_MoviesAppTests.framework */ = {isa = PBXFileReference; explicitFileType = wrapper.framework; includeInIndex = 0; path = Pods_MoviesAppTests.framework; sourceTree = BUILT_PRODUCTS_DIR; };
		BDAE21AAB5B985FB3E002AC8 /* Pods-MoviesApp-MoviesAppUITests.release.xcconfig */ = {isa = PBXFileReference; includeInIndex = 1; lastKnownFileType = text.xcconfig; name = "Pods-MoviesApp-MoviesAppUITests.release.xcconfig"; path = "Target Support Files/Pods-MoviesApp-MoviesAppUITests/Pods-MoviesApp-MoviesAppUITests.release.xcconfig"; sourceTree = "<group>"; };
		DABDBDD5379F4980BAEEC06D /* Pods-MoviesApp-MoviesAppUITests.debug.xcconfig */ = {isa = PBXFileReference; includeInIndex = 1; lastKnownFileType = text.xcconfig; name = "Pods-MoviesApp-MoviesAppUITests.debug.xcconfig"; path = "Target Support Files/Pods-MoviesApp-MoviesAppUITests/Pods-MoviesApp-MoviesAppUITests.debug.xcconfig"; sourceTree = "<group>"; };
/* End PBXFileReference section */

/* Begin PBXFrameworksBuildPhase section */
		0B9E19172B154429009C5719 /* Frameworks */ = {
			isa = PBXFrameworksBuildPhase;
			buildActionMask = 2147483647;
			files = (
				888FE6D1F30E24955F98DC26 /* Pods_MoviesApp.framework in Frameworks */,
			);
			runOnlyForDeploymentPostprocessing = 0;
		};
		0B9E192D2B15442A009C5719 /* Frameworks */ = {
			isa = PBXFrameworksBuildPhase;
			buildActionMask = 2147483647;
			files = (
				E60C6CD7D004AF4AFB84372E /* Pods_MoviesAppTests.framework in Frameworks */,
			);
			runOnlyForDeploymentPostprocessing = 0;
		};
		0B9E19372B15442A009C5719 /* Frameworks */ = {
			isa = PBXFrameworksBuildPhase;
			buildActionMask = 2147483647;
			files = (
				004EB896EFA45577811316F8 /* Pods_MoviesApp_MoviesAppUITests.framework in Frameworks */,
			);
			runOnlyForDeploymentPostprocessing = 0;
		};
/* End PBXFrameworksBuildPhase section */

/* Begin PBXGroup section */
		0B9E19112B154429009C5719 = {
			isa = PBXGroup;
			children = (
				0B9E191C2B154429009C5719 /* MoviesApp */,
				0B9E19332B15442A009C5719 /* MoviesAppTests */,
				0B9E193D2B15442A009C5719 /* MoviesAppUITests */,
				0B9E191B2B154429009C5719 /* Products */,
				83F9629D0756861B54BE7E03 /* Pods */,
				98AD9DB7CD71AA10C3445505 /* Frameworks */,
			);
			sourceTree = "<group>";
		};
		0B9E191B2B154429009C5719 /* Products */ = {
			isa = PBXGroup;
			children = (
				0B9E191A2B154429009C5719 /* MoviesApp.app */,
				0B9E19302B15442A009C5719 /* MoviesAppTests.xctest */,
				0B9E193A2B15442A009C5719 /* MoviesAppUITests.xctest */,
			);
			name = Products;
			sourceTree = "<group>";
		};
		0B9E191C2B154429009C5719 /* MoviesApp */ = {
			isa = PBXGroup;
			children = (
				0B9E19DE2B16464C009C5719 /* Shared */,
				0B9E19D62B164156009C5719 /* Utils */,
				0B9E19B12B1602BB009C5719 /* Infrastructure */,
				0B9E19752B1550FE009C5719 /* Scenes */,
				0B9E194D2B154440009C5719 /* Application */,
				0B9E19232B154429009C5719 /* Main.storyboard */,
				0B9E19262B15442A009C5719 /* Assets.xcassets */,
				0B9E19282B15442A009C5719 /* LaunchScreen.storyboard */,
				0B9E192B2B15442A009C5719 /* Info.plist */,
			);
			path = MoviesApp;
			sourceTree = "<group>";
		};
		0B9E19332B15442A009C5719 /* MoviesAppTests */ = {
			isa = PBXGroup;
			children = (
				0B9E19C72B162823009C5719 /* Mocks */,
				0B9E19C32B162792009C5719 /* Infrastructure */,
				0B9E19822B1551D1009C5719 /* Scenes */,
				0B9E19342B15442A009C5719 /* MoviesAppTests.swift */,
			);
			path = MoviesAppTests;
			sourceTree = "<group>";
		};
		0B9E193D2B15442A009C5719 /* MoviesAppUITests */ = {
			isa = PBXGroup;
			children = (
				0B9E193E2B15442A009C5719 /* MoviesAppUITests.swift */,
				0B9E19402B15442A009C5719 /* MoviesAppUITestsLaunchTests.swift */,
			);
			path = MoviesAppUITests;
			sourceTree = "<group>";
		};
		0B9E194D2B154440009C5719 /* Application */ = {
			isa = PBXGroup;
			children = (
				0B9E1A022B17941F009C5719 /* DI */,
				0B9E19FE2B178F03009C5719 /* Storyboards */,
				0B9E191F2B154429009C5719 /* SceneDelegate.swift */,
				0B9E191D2B154429009C5719 /* AppDelegate.swift */,
				0B9E1A072B1794D4009C5719 /* AppConfiguration.swift */,
			);
			path = Application;
			sourceTree = "<group>";
		};
		0B9E19752B1550FE009C5719 /* Scenes */ = {
			isa = PBXGroup;
			children = (
				0B9E19772B155113009C5719 /* MovieDetails */,
				0B9E19762B15510A009C5719 /* MoviesList */,
			);
			path = Scenes;
			sourceTree = "<group>";
		};
		0B9E19762B15510A009C5719 /* MoviesList */ = {
			isa = PBXGroup;
			children = (
				0B9E197F2B15517F009C5719 /* Data */,
				0B9E197E2B155179009C5719 /* DI */,
				0B9E197D2B155171009C5719 /* Domain */,
				0B9E197C2B155169009C5719 /* Presentation */,
			);
			path = MoviesList;
			sourceTree = "<group>";
		};
		0B9E19772B155113009C5719 /* MovieDetails */ = {
			isa = PBXGroup;
			children = (
				0B9E197B2B155134009C5719 /* Data */,
				0B9E197A2B15512D009C5719 /* DI */,
				0B9E19792B155124009C5719 /* Domain */,
				0B9E19782B15511C009C5719 /* Presentation */,
			);
			path = MovieDetails;
			sourceTree = "<group>";
		};
		0B9E19782B15511C009C5719 /* Presentation */ = {
			isa = PBXGroup;
			children = (
			);
			path = Presentation;
			sourceTree = "<group>";
		};
		0B9E19792B155124009C5719 /* Domain */ = {
			isa = PBXGroup;
			children = (
			);
			path = Domain;
			sourceTree = "<group>";
		};
		0B9E197A2B15512D009C5719 /* DI */ = {
			isa = PBXGroup;
			children = (
			);
			path = DI;
			sourceTree = "<group>";
		};
		0B9E197B2B155134009C5719 /* Data */ = {
			isa = PBXGroup;
			children = (
			);
			path = Data;
			sourceTree = "<group>";
		};
		0B9E197C2B155169009C5719 /* Presentation */ = {
			isa = PBXGroup;
			children = (
				0B9E199B2B15DD47009C5719 /* ViewModel */,
				0B9E19962B15DD13009C5719 /* Cells */,
				0B9E19912B15DC0C009C5719 /* View */,
			);
			path = Presentation;
			sourceTree = "<group>";
		};
		0B9E197D2B155171009C5719 /* Domain */ = {
			isa = PBXGroup;
			children = (
				0B9E19A12B15DF73009C5719 /* UseCases */,
				0B9E19A02B15DF5F009C5719 /* Repositories */,
				0B9E199F2B15DF50009C5719 /* Entites */,
			);
			path = Domain;
			sourceTree = "<group>";
		};
		0B9E197E2B155179009C5719 /* DI */ = {
			isa = PBXGroup;
			children = (
				0B9E19FC2B178D36009C5719 /* MoviesListFactory.swift */,
			);
			path = DI;
			sourceTree = "<group>";
		};
		0B9E197F2B15517F009C5719 /* Data */ = {
			isa = PBXGroup;
			children = (
				0B9E19A72B15E726009C5719 /* Repositories */,
				0BC0DBC42B17EF9E002CE0E5 /* MoviesListMapper.swift */,
			);
			path = Data;
			sourceTree = "<group>";
		};
		0B9E19822B1551D1009C5719 /* Scenes */ = {
			isa = PBXGroup;
			children = (
				0B9E19842B1551EA009C5719 /* MovieDetails */,
				0B9E19832B1551E2009C5719 /* MoviesList */,
			);
			path = Scenes;
			sourceTree = "<group>";
		};
		0B9E19832B1551E2009C5719 /* MoviesList */ = {
			isa = PBXGroup;
			children = (
				0B9E198B2B15524D009C5719 /* Data */,
				0B9E198A2B155248009C5719 /* Domain */,
				0B9E19892B15523D009C5719 /* Presentation */,
			);
			path = MoviesList;
			sourceTree = "<group>";
		};
		0B9E19842B1551EA009C5719 /* MovieDetails */ = {
			isa = PBXGroup;
			children = (
				0B9E19882B155209009C5719 /* Data */,
				0B9E19862B1551FE009C5719 /* Domain */,
				0B9E19852B1551F4009C5719 /* Presentation */,
			);
			path = MovieDetails;
			sourceTree = "<group>";
		};
		0B9E19852B1551F4009C5719 /* Presentation */ = {
			isa = PBXGroup;
			children = (
			);
			path = Presentation;
			sourceTree = "<group>";
		};
		0B9E19862B1551FE009C5719 /* Domain */ = {
			isa = PBXGroup;
			children = (
			);
			path = Domain;
			sourceTree = "<group>";
		};
		0B9E19882B155209009C5719 /* Data */ = {
			isa = PBXGroup;
			children = (
			);
			path = Data;
			sourceTree = "<group>";
		};
		0B9E19892B15523D009C5719 /* Presentation */ = {
			isa = PBXGroup;
			children = (
				0BC0DBC22B17DB8E002CE0E5 /* MoviesListViewModelTests.swift */,
			);
			path = Presentation;
			sourceTree = "<group>";
		};
		0B9E198A2B155248009C5719 /* Domain */ = {
			isa = PBXGroup;
			children = (
				0BC0DBBC2B17CBAA002CE0E5 /* UseCases */,
			);
			path = Domain;
			sourceTree = "<group>";
		};
		0B9E198B2B15524D009C5719 /* Data */ = {
			isa = PBXGroup;
			children = (
				0BC0DBCD2B17F54E002CE0E5 /* MoviesListMapperTests.swift */,
			);
			path = Data;
			sourceTree = "<group>";
		};
		0B9E19912B15DC0C009C5719 /* View */ = {
			isa = PBXGroup;
			children = (
				0B9E19922B15DC53009C5719 /* MoviesListViewController.swift */,
				0B9E1A0D2B17A47E009C5719 /* MoviesListViewController.storyboard */,
			);
			path = View;
			sourceTree = "<group>";
		};
		0B9E19962B15DD13009C5719 /* Cells */ = {
			isa = PBXGroup;
			children = (
				0B9E19972B15DD39009C5719 /* MoviesListTableViewCell.swift */,
				0B9E19982B15DD39009C5719 /* MoviesListTableViewCell.xib */,
			);
			path = Cells;
			sourceTree = "<group>";
		};
		0B9E199B2B15DD47009C5719 /* ViewModel */ = {
			isa = PBXGroup;
			children = (
				0B9E199C2B15DD59009C5719 /* MoviesListViewModel.swift */,
			);
			path = ViewModel;
			sourceTree = "<group>";
		};
		0B9E199F2B15DF50009C5719 /* Entites */ = {
			isa = PBXGroup;
			children = (
				0B9E19AB2B15ECF0009C5719 /* Movie.swift */,
				0B9E19AE2B15ED1E009C5719 /* MovieListResponse.swift */,
				0BC0DBBA2B17BF88002CE0E5 /* MoviesListRequest.swift */,
				0BC0DBC72B17F0C4002CE0E5 /* MoviesListDisplayModelMapper.swift */,
			);
			path = Entites;
			sourceTree = "<group>";
		};
		0B9E19A02B15DF5F009C5719 /* Repositories */ = {
			isa = PBXGroup;
			children = (
				0B9E19A22B15E012009C5719 /* MoviesListRepository.swift */,
			);
			path = Repositories;
			sourceTree = "<group>";
		};
		0B9E19A12B15DF73009C5719 /* UseCases */ = {
			isa = PBXGroup;
			children = (
				0B9E19A42B15E0A7009C5719 /* MoviesListUseCase.swift */,
			);
			path = UseCases;
			sourceTree = "<group>";
		};
		0B9E19A72B15E726009C5719 /* Repositories */ = {
			isa = PBXGroup;
			children = (
				0B9E19A82B15E761009C5719 /* MoviesListRepositoryImpl.swift */,
			);
			path = Repositories;
			sourceTree = "<group>";
		};
		0B9E19B12B1602BB009C5719 /* Infrastructure */ = {
			isa = PBXGroup;
			children = (
				0B9E19B32B160311009C5719 /* Logger */,
				0B9E19B22B1602CE009C5719 /* Network */,
			);
			path = Infrastructure;
			sourceTree = "<group>";
		};
		0B9E19B22B1602CE009C5719 /* Network */ = {
			isa = PBXGroup;
			children = (
				0B9E19F62B176B3C009C5719 /* RequestHandling */,
				0B9E19E52B1728B3009C5719 /* ErrorHandling */,
				0B9E19CC2B163476009C5719 /* URLConfiguration.swift */,
				0B9E19D22B1634CC009C5719 /* NetworkService.swift */,
				0B9E19DB2B164483009C5719 /* NetworkSessionManager.swift */,
				0B9E19E22B172292009C5719 /* DataTransferService.swift */,
			);
			path = Network;
			sourceTree = "<group>";
		};
		0B9E19B32B160311009C5719 /* Logger */ = {
			isa = PBXGroup;
			children = (
				0B9E19B42B1603E0009C5719 /* NetworkLogger.swift */,
			);
			path = Logger;
			sourceTree = "<group>";
		};
		0B9E19C32B162792009C5719 /* Infrastructure */ = {
			isa = PBXGroup;
			children = (
				0B9E19C62B1627CD009C5719 /* Network */,
			);
			path = Infrastructure;
			sourceTree = "<group>";
		};
		0B9E19C62B1627CD009C5719 /* Network */ = {
			isa = PBXGroup;
			children = (
				0B9E19F02B175C24009C5719 /* NetworkServiceTests.swift */,
				0B9E19FA2B177406009C5719 /* DataTransferServiceTests.swift */,
			);
			path = Network;
			sourceTree = "<group>";
		};
		0B9E19C72B162823009C5719 /* Mocks */ = {
			isa = PBXGroup;
			children = (
				0B9E19EC2B175B93009C5719 /* URLConfigurationMock.swift */,
				0B9E19EE2B175BDD009C5719 /* NetworkSessionManagerMock.swift */,
				0B9E19F22B176799009C5719 /* EndpointMock.swift */,
				0B9E19F42B1767F5009C5719 /* NetworkLoggerMock.swift */,
				0BC0DBBF2B17CD0D002CE0E5 /* NetworkErrorMock.swift */,
			);
			path = Mocks;
			sourceTree = "<group>";
		};
		0B9E19D62B164156009C5719 /* Utils */ = {
			isa = PBXGroup;
			children = (
				0B9E19D72B164161009C5719 /* Extensions */,
			);
			path = Utils;
			sourceTree = "<group>";
		};
		0B9E19D72B164161009C5719 /* Extensions */ = {
			isa = PBXGroup;
			children = (
				0B9E19D82B164199009C5719 /* URLSession + Extension.swift */,
				0B9E19E92B172929009C5719 /* DispatchQueue+Extension.swift */,
				0BC0DBCF2B17FDA6002CE0E5 /* UIImageView+Extension.swift */,
				0BC0DBD22B17FDE1002CE0E5 /* CGSize+Extension.swift */,
			);
			path = Extensions;
			sourceTree = "<group>";
		};
		0B9E19DE2B16464C009C5719 /* Shared */ = {
			isa = PBXGroup;
			children = (
				0B9E19DF2B164662009C5719 /* RepositoryTask.swift */,
			);
			path = Shared;
			sourceTree = "<group>";
		};
		0B9E19E52B1728B3009C5719 /* ErrorHandling */ = {
			isa = PBXGroup;
			children = (
				0B9E19E62B1728E3009C5719 /* DataTransferError.swift */,
			);
			path = ErrorHandling;
			sourceTree = "<group>";
		};
		0B9E19F62B176B3C009C5719 /* RequestHandling */ = {
			isa = PBXGroup;
			children = (
				0B9E19CD2B163476009C5719 /* Endpoint.swift */,
				0B9E19F72B176B76009C5719 /* NetworkRequestRepresentable.swift */,
			);
			path = RequestHandling;
			sourceTree = "<group>";
		};
		0B9E19FE2B178F03009C5719 /* Storyboards */ = {
			isa = PBXGroup;
			children = (
				0B9E19FF2B178F28009C5719 /* StoryboardInstantiable.swift */,
			);
			path = Storyboards;
			sourceTree = "<group>";
		};
		0B9E1A022B17941F009C5719 /* DI */ = {
			isa = PBXGroup;
			children = (
				0B9E1A032B17943F009C5719 /* AppDIFactory.swift */,
			);
			path = DI;
			sourceTree = "<group>";
		};
		0BC0DBBC2B17CBAA002CE0E5 /* UseCases */ = {
			isa = PBXGroup;
			children = (
				0BC0DBBD2B17CBC4002CE0E5 /* GetMoviesListUseCaseTests.swift */,
			);
			path = UseCases;
			sourceTree = "<group>";
		};
		83F9629D0756861B54BE7E03 /* Pods */ = {
			isa = PBXGroup;
			children = (
				95DB999D81A8EBBE39ABC3B2 /* Pods-MoviesApp.debug.xcconfig */,
				61A6B86AA579DB98A9E00C68 /* Pods-MoviesApp.release.xcconfig */,
				DABDBDD5379F4980BAEEC06D /* Pods-MoviesApp-MoviesAppUITests.debug.xcconfig */,
				BDAE21AAB5B985FB3E002AC8 /* Pods-MoviesApp-MoviesAppUITests.release.xcconfig */,
				4061D7880151D3873E0C29A2 /* Pods-MoviesAppTests.debug.xcconfig */,
				590023D8CA295EC0153CDBA6 /* Pods-MoviesAppTests.release.xcconfig */,
			);
			name = Pods;
			path = Pods;
			sourceTree = "<group>";
		};
		98AD9DB7CD71AA10C3445505 /* Frameworks */ = {
			isa = PBXGroup;
			children = (
				95420695528E9E9BEC1D6FA0 /* Pods_MoviesApp.framework */,
				682DA1C1044DCD87F2D20925 /* Pods_MoviesApp_MoviesAppUITests.framework */,
				AD4E27AB4071013780C52AE8 /* Pods_MoviesAppTests.framework */,
			);
			name = Frameworks;
			sourceTree = "<group>";
		};
/* End PBXGroup section */

/* Begin PBXNativeTarget section */
		0B9E19192B154429009C5719 /* MoviesApp */ = {
			isa = PBXNativeTarget;
			buildConfigurationList = 0B9E19442B15442A009C5719 /* Build configuration list for PBXNativeTarget "MoviesApp" */;
			buildPhases = (
				14C7A10E7B7099BAAAA6F7A8 /* [CP] Check Pods Manifest.lock */,
				0B9E19162B154429009C5719 /* Sources */,
				0B9E19172B154429009C5719 /* Frameworks */,
				0B9E19182B154429009C5719 /* Resources */,
			);
			buildRules = (
			);
			dependencies = (
			);
			name = MoviesApp;
			productName = MoviesApp;
			productReference = 0B9E191A2B154429009C5719 /* MoviesApp.app */;
			productType = "com.apple.product-type.application";
		};
		0B9E192F2B15442A009C5719 /* MoviesAppTests */ = {
			isa = PBXNativeTarget;
			buildConfigurationList = 0B9E19472B15442A009C5719 /* Build configuration list for PBXNativeTarget "MoviesAppTests" */;
			buildPhases = (
				9F0A0CEE5A5D1DCBA714DB60 /* [CP] Check Pods Manifest.lock */,
				0B9E192C2B15442A009C5719 /* Sources */,
				0B9E192D2B15442A009C5719 /* Frameworks */,
				0B9E192E2B15442A009C5719 /* Resources */,
			);
			buildRules = (
			);
			dependencies = (
				0B9E19322B15442A009C5719 /* PBXTargetDependency */,
			);
			name = MoviesAppTests;
			productName = MoviesAppTests;
			productReference = 0B9E19302B15442A009C5719 /* MoviesAppTests.xctest */;
			productType = "com.apple.product-type.bundle.unit-test";
		};
		0B9E19392B15442A009C5719 /* MoviesAppUITests */ = {
			isa = PBXNativeTarget;
			buildConfigurationList = 0B9E194A2B15442A009C5719 /* Build configuration list for PBXNativeTarget "MoviesAppUITests" */;
			buildPhases = (
				468A63D99BDD127C37788282 /* [CP] Check Pods Manifest.lock */,
				0B9E19362B15442A009C5719 /* Sources */,
				0B9E19372B15442A009C5719 /* Frameworks */,
				0B9E19382B15442A009C5719 /* Resources */,
			);
			buildRules = (
			);
			dependencies = (
				0B9E193C2B15442A009C5719 /* PBXTargetDependency */,
			);
			name = MoviesAppUITests;
			productName = MoviesAppUITests;
			productReference = 0B9E193A2B15442A009C5719 /* MoviesAppUITests.xctest */;
			productType = "com.apple.product-type.bundle.ui-testing";
		};
/* End PBXNativeTarget section */

/* Begin PBXProject section */
		0B9E19122B154429009C5719 /* Project object */ = {
			isa = PBXProject;
			attributes = {
				BuildIndependentTargetsInParallel = 1;
				LastSwiftUpdateCheck = 1500;
				LastUpgradeCheck = 1500;
				TargetAttributes = {
					0B9E19192B154429009C5719 = {
						CreatedOnToolsVersion = 15.0.1;
					};
					0B9E192F2B15442A009C5719 = {
						CreatedOnToolsVersion = 15.0.1;
						TestTargetID = 0B9E19192B154429009C5719;
					};
					0B9E19392B15442A009C5719 = {
						CreatedOnToolsVersion = 15.0.1;
						TestTargetID = 0B9E19192B154429009C5719;
					};
				};
			};
			buildConfigurationList = 0B9E19152B154429009C5719 /* Build configuration list for PBXProject "MoviesApp" */;
			compatibilityVersion = "Xcode 14.0";
			developmentRegion = en;
			hasScannedForEncodings = 0;
			knownRegions = (
				en,
				Base,
			);
			mainGroup = 0B9E19112B154429009C5719;
			productRefGroup = 0B9E191B2B154429009C5719 /* Products */;
			projectDirPath = "";
			projectRoot = "";
			targets = (
				0B9E19192B154429009C5719 /* MoviesApp */,
				0B9E192F2B15442A009C5719 /* MoviesAppTests */,
				0B9E19392B15442A009C5719 /* MoviesAppUITests */,
			);
		};
/* End PBXProject section */

/* Begin PBXResourcesBuildPhase section */
		0B9E19182B154429009C5719 /* Resources */ = {
			isa = PBXResourcesBuildPhase;
			buildActionMask = 2147483647;
			files = (
				0B9E1A0E2B17A47E009C5719 /* MoviesListViewController.storyboard in Resources */,
				0B9E192A2B15442A009C5719 /* LaunchScreen.storyboard in Resources */,
				0B9E19272B15442A009C5719 /* Assets.xcassets in Resources */,
				0B9E199A2B15DD39009C5719 /* MoviesListTableViewCell.xib in Resources */,
				0B9E19252B154429009C5719 /* Main.storyboard in Resources */,
			);
			runOnlyForDeploymentPostprocessing = 0;
		};
		0B9E192E2B15442A009C5719 /* Resources */ = {
			isa = PBXResourcesBuildPhase;
			buildActionMask = 2147483647;
			files = (
			);
			runOnlyForDeploymentPostprocessing = 0;
		};
		0B9E19382B15442A009C5719 /* Resources */ = {
			isa = PBXResourcesBuildPhase;
			buildActionMask = 2147483647;
			files = (
			);
			runOnlyForDeploymentPostprocessing = 0;
		};
/* End PBXResourcesBuildPhase section */

/* Begin PBXShellScriptBuildPhase section */
		14C7A10E7B7099BAAAA6F7A8 /* [CP] Check Pods Manifest.lock */ = {
			isa = PBXShellScriptBuildPhase;
			buildActionMask = 2147483647;
			files = (
			);
			inputFileListPaths = (
			);
			inputPaths = (
				"${PODS_PODFILE_DIR_PATH}/Podfile.lock",
				"${PODS_ROOT}/Manifest.lock",
			);
			name = "[CP] Check Pods Manifest.lock";
			outputFileListPaths = (
			);
			outputPaths = (
				"$(DERIVED_FILE_DIR)/Pods-MoviesApp-checkManifestLockResult.txt",
			);
			runOnlyForDeploymentPostprocessing = 0;
			shellPath = /bin/sh;
			shellScript = "diff \"${PODS_PODFILE_DIR_PATH}/Podfile.lock\" \"${PODS_ROOT}/Manifest.lock\" > /dev/null\nif [ $? != 0 ] ; then\n    # print error to STDERR\n    echo \"error: The sandbox is not in sync with the Podfile.lock. Run 'pod install' or update your CocoaPods installation.\" >&2\n    exit 1\nfi\n# This output is used by Xcode 'outputs' to avoid re-running this script phase.\necho \"SUCCESS\" > \"${SCRIPT_OUTPUT_FILE_0}\"\n";
			showEnvVarsInLog = 0;
		};
		468A63D99BDD127C37788282 /* [CP] Check Pods Manifest.lock */ = {
			isa = PBXShellScriptBuildPhase;
			buildActionMask = 2147483647;
			files = (
			);
			inputFileListPaths = (
			);
			inputPaths = (
				"${PODS_PODFILE_DIR_PATH}/Podfile.lock",
				"${PODS_ROOT}/Manifest.lock",
			);
			name = "[CP] Check Pods Manifest.lock";
			outputFileListPaths = (
			);
			outputPaths = (
				"$(DERIVED_FILE_DIR)/Pods-MoviesApp-MoviesAppUITests-checkManifestLockResult.txt",
			);
			runOnlyForDeploymentPostprocessing = 0;
			shellPath = /bin/sh;
			shellScript = "diff \"${PODS_PODFILE_DIR_PATH}/Podfile.lock\" \"${PODS_ROOT}/Manifest.lock\" > /dev/null\nif [ $? != 0 ] ; then\n    # print error to STDERR\n    echo \"error: The sandbox is not in sync with the Podfile.lock. Run 'pod install' or update your CocoaPods installation.\" >&2\n    exit 1\nfi\n# This output is used by Xcode 'outputs' to avoid re-running this script phase.\necho \"SUCCESS\" > \"${SCRIPT_OUTPUT_FILE_0}\"\n";
			showEnvVarsInLog = 0;
		};
		9F0A0CEE5A5D1DCBA714DB60 /* [CP] Check Pods Manifest.lock */ = {
			isa = PBXShellScriptBuildPhase;
			buildActionMask = 2147483647;
			files = (
			);
			inputFileListPaths = (
			);
			inputPaths = (
				"${PODS_PODFILE_DIR_PATH}/Podfile.lock",
				"${PODS_ROOT}/Manifest.lock",
			);
			name = "[CP] Check Pods Manifest.lock";
			outputFileListPaths = (
			);
			outputPaths = (
				"$(DERIVED_FILE_DIR)/Pods-MoviesAppTests-checkManifestLockResult.txt",
			);
			runOnlyForDeploymentPostprocessing = 0;
			shellPath = /bin/sh;
			shellScript = "diff \"${PODS_PODFILE_DIR_PATH}/Podfile.lock\" \"${PODS_ROOT}/Manifest.lock\" > /dev/null\nif [ $? != 0 ] ; then\n    # print error to STDERR\n    echo \"error: The sandbox is not in sync with the Podfile.lock. Run 'pod install' or update your CocoaPods installation.\" >&2\n    exit 1\nfi\n# This output is used by Xcode 'outputs' to avoid re-running this script phase.\necho \"SUCCESS\" > \"${SCRIPT_OUTPUT_FILE_0}\"\n";
			showEnvVarsInLog = 0;
		};
/* End PBXShellScriptBuildPhase section */

/* Begin PBXSourcesBuildPhase section */
		0B9E19162B154429009C5719 /* Sources */ = {
			isa = PBXSourcesBuildPhase;
			buildActionMask = 2147483647;
			files = (
				0B9E19D02B163476009C5719 /* Endpoint.swift in Sources */,
				0B9E19EA2B172929009C5719 /* DispatchQueue+Extension.swift in Sources */,
				0B9E19B52B1603E0009C5719 /* NetworkLogger.swift in Sources */,
				0B9E19992B15DD39009C5719 /* MoviesListTableViewCell.swift in Sources */,
				0BC0DBBB2B17BF88002CE0E5 /* MoviesListRequest.swift in Sources */,
				0B9E19A92B15E761009C5719 /* MoviesListRepositoryImpl.swift in Sources */,
				0B9E19FD2B178D36009C5719 /* MoviesListFactory.swift in Sources */,
				0B9E19AF2B15ED1E009C5719 /* MovieListResponse.swift in Sources */,
				0B9E19D92B16419A009C5719 /* URLSession + Extension.swift in Sources */,
				0B9E19E72B1728E3009C5719 /* DataTransferError.swift in Sources */,
				0B9E1A002B178F28009C5719 /* StoryboardInstantiable.swift in Sources */,
				0B9E19E32B172292009C5719 /* DataTransferService.swift in Sources */,
				0B9E1A082B1794D4009C5719 /* AppConfiguration.swift in Sources */,
				0B9E1A042B17943F009C5719 /* AppDIFactory.swift in Sources */,
				0BC0DBD02B17FDA6002CE0E5 /* UIImageView+Extension.swift in Sources */,
				0B9E19CE2B163476009C5719 /* URLConfiguration.swift in Sources */,
				0B9E19A52B15E0A7009C5719 /* MoviesListUseCase.swift in Sources */,
				0B9E19AC2B15ECF0009C5719 /* Movie.swift in Sources */,
				0B9E19A32B15E012009C5719 /* MoviesListRepository.swift in Sources */,
				0B9E19D32B1634CC009C5719 /* NetworkService.swift in Sources */,
				0B9E191E2B154429009C5719 /* AppDelegate.swift in Sources */,
				0BC0DBC82B17F0C4002CE0E5 /* MoviesListDisplayModelMapper.swift in Sources */,
				0B9E199D2B15DD59009C5719 /* MoviesListViewModel.swift in Sources */,
				0B9E19E02B164662009C5719 /* RepositoryTask.swift in Sources */,
				0B9E19202B154429009C5719 /* SceneDelegate.swift in Sources */,
				0B9E19942B15DC53009C5719 /* MoviesListViewController.swift in Sources */,
				0BC0DBD32B17FDE1002CE0E5 /* CGSize+Extension.swift in Sources */,
				0B9E19DC2B164483009C5719 /* NetworkSessionManager.swift in Sources */,
				0B9E19F82B176B76009C5719 /* NetworkRequestRepresentable.swift in Sources */,
				0BC0DBC52B17EF9E002CE0E5 /* MoviesListMapper.swift in Sources */,
			);
			runOnlyForDeploymentPostprocessing = 0;
		};
		0B9E192C2B15442A009C5719 /* Sources */ = {
			isa = PBXSourcesBuildPhase;
			buildActionMask = 2147483647;
			files = (
				0B9E19D42B1634CC009C5719 /* NetworkService.swift in Sources */,
				0B9E19B62B1603E0009C5719 /* NetworkLogger.swift in Sources */,
				0B9E19DA2B16419A009C5719 /* URLSession + Extension.swift in Sources */,
				0B9E19352B15442A009C5719 /* MoviesAppTests.swift in Sources */,
				0B9E19A62B15E0A7009C5719 /* MoviesListUseCase.swift in Sources */,
				0BC0DBC62B17EF9E002CE0E5 /* MoviesListMapper.swift in Sources */,
				0B9E19EF2B175BDD009C5719 /* NetworkSessionManagerMock.swift in Sources */,
				0B9E19F12B175C24009C5719 /* NetworkServiceTests.swift in Sources */,
				0B9E19EB2B172929009C5719 /* DispatchQueue+Extension.swift in Sources */,
				0B9E19F52B1767F5009C5719 /* NetworkLoggerMock.swift in Sources */,
				0B9E1A092B1794D4009C5719 /* AppConfiguration.swift in Sources */,
				0B9E19CB2B1628F3009C5719 /* MoviesListRepository.swift in Sources */,
				0B9E19D12B163476009C5719 /* Endpoint.swift in Sources */,
				0BC0DBC92B17F0C4002CE0E5 /* MoviesListDisplayModelMapper.swift in Sources */,
				0BC0DBD42B17FDE1002CE0E5 /* CGSize+Extension.swift in Sources */,
				0B9E19F32B176799009C5719 /* EndpointMock.swift in Sources */,
				0BC0DBBE2B17CBC4002CE0E5 /* GetMoviesListUseCaseTests.swift in Sources */,
				0B9E19AA2B15E761009C5719 /* MoviesListRepositoryImpl.swift in Sources */,
				0B9E19E12B164662009C5719 /* RepositoryTask.swift in Sources */,
				0B9E19ED2B175B93009C5719 /* URLConfigurationMock.swift in Sources */,
				0B9E1A052B17943F009C5719 /* AppDIFactory.swift in Sources */,
				0B9E19E42B172292009C5719 /* DataTransferService.swift in Sources */,
				0BC0DBCE2B17F54E002CE0E5 /* MoviesListMapperTests.swift in Sources */,
				0B9E19B02B15ED1E009C5719 /* MovieListResponse.swift in Sources */,
				0B9E19E82B1728E3009C5719 /* DataTransferError.swift in Sources */,
				0BC0DBC32B17DB8E002CE0E5 /* MoviesListViewModelTests.swift in Sources */,
				0B9E19DD2B164483009C5719 /* NetworkSessionManager.swift in Sources */,
				0B9E19CF2B163476009C5719 /* URLConfiguration.swift in Sources */,
				0B9E19FB2B177406009C5719 /* DataTransferServiceTests.swift in Sources */,
				0B9E199E2B15DE27009C5719 /* MoviesListViewModel.swift in Sources */,
				0B9E1A012B178F28009C5719 /* StoryboardInstantiable.swift in Sources */,
				0BC0DBD12B17FDA6002CE0E5 /* UIImageView+Extension.swift in Sources */,
				0BC0DBC12B17CF69002CE0E5 /* MoviesListRequest.swift in Sources */,
				0B9E19AD2B15ECF0009C5719 /* Movie.swift in Sources */,
				0BC0DBC02B17CD0D002CE0E5 /* NetworkErrorMock.swift in Sources */,
				0B9E19F92B176C2D009C5719 /* NetworkRequestRepresentable.swift in Sources */,
			);
			runOnlyForDeploymentPostprocessing = 0;
		};
		0B9E19362B15442A009C5719 /* Sources */ = {
			isa = PBXSourcesBuildPhase;
			buildActionMask = 2147483647;
			files = (
				0B9E193F2B15442A009C5719 /* MoviesAppUITests.swift in Sources */,
				0B9E19412B15442A009C5719 /* MoviesAppUITestsLaunchTests.swift in Sources */,
			);
			runOnlyForDeploymentPostprocessing = 0;
		};
/* End PBXSourcesBuildPhase section */

/* Begin PBXTargetDependency section */
		0B9E19322B15442A009C5719 /* PBXTargetDependency */ = {
			isa = PBXTargetDependency;
			target = 0B9E19192B154429009C5719 /* MoviesApp */;
			targetProxy = 0B9E19312B15442A009C5719 /* PBXContainerItemProxy */;
		};
		0B9E193C2B15442A009C5719 /* PBXTargetDependency */ = {
			isa = PBXTargetDependency;
			target = 0B9E19192B154429009C5719 /* MoviesApp */;
			targetProxy = 0B9E193B2B15442A009C5719 /* PBXContainerItemProxy */;
		};
/* End PBXTargetDependency section */

/* Begin PBXVariantGroup section */
		0B9E19232B154429009C5719 /* Main.storyboard */ = {
			isa = PBXVariantGroup;
			children = (
				0B9E19242B154429009C5719 /* Base */,
			);
			name = Main.storyboard;
			sourceTree = "<group>";
		};
		0B9E19282B15442A009C5719 /* LaunchScreen.storyboard */ = {
			isa = PBXVariantGroup;
			children = (
				0B9E19292B15442A009C5719 /* Base */,
			);
			name = LaunchScreen.storyboard;
			sourceTree = "<group>";
		};
/* End PBXVariantGroup section */

/* Begin XCBuildConfiguration section */
		0B9E19422B15442A009C5719 /* Debug */ = {
			isa = XCBuildConfiguration;
			buildSettings = {
				ALWAYS_SEARCH_USER_PATHS = NO;
				ASSETCATALOG_COMPILER_GENERATE_SWIFT_ASSET_SYMBOL_EXTENSIONS = YES;
				CLANG_ANALYZER_NONNULL = YES;
				CLANG_ANALYZER_NUMBER_OBJECT_CONVERSION = YES_AGGRESSIVE;
				CLANG_CXX_LANGUAGE_STANDARD = "gnu++20";
				CLANG_ENABLE_MODULES = YES;
				CLANG_ENABLE_OBJC_ARC = YES;
				CLANG_ENABLE_OBJC_WEAK = YES;
				CLANG_WARN_BLOCK_CAPTURE_AUTORELEASING = YES;
				CLANG_WARN_BOOL_CONVERSION = YES;
				CLANG_WARN_COMMA = YES;
				CLANG_WARN_CONSTANT_CONVERSION = YES;
				CLANG_WARN_DEPRECATED_OBJC_IMPLEMENTATIONS = YES;
				CLANG_WARN_DIRECT_OBJC_ISA_USAGE = YES_ERROR;
				CLANG_WARN_DOCUMENTATION_COMMENTS = YES;
				CLANG_WARN_EMPTY_BODY = YES;
				CLANG_WARN_ENUM_CONVERSION = YES;
				CLANG_WARN_INFINITE_RECURSION = YES;
				CLANG_WARN_INT_CONVERSION = YES;
				CLANG_WARN_NON_LITERAL_NULL_CONVERSION = YES;
				CLANG_WARN_OBJC_IMPLICIT_RETAIN_SELF = YES;
				CLANG_WARN_OBJC_LITERAL_CONVERSION = YES;
				CLANG_WARN_OBJC_ROOT_CLASS = YES_ERROR;
				CLANG_WARN_QUOTED_INCLUDE_IN_FRAMEWORK_HEADER = YES;
				CLANG_WARN_RANGE_LOOP_ANALYSIS = YES;
				CLANG_WARN_STRICT_PROTOTYPES = YES;
				CLANG_WARN_SUSPICIOUS_MOVE = YES;
				CLANG_WARN_UNGUARDED_AVAILABILITY = YES_AGGRESSIVE;
				CLANG_WARN_UNREACHABLE_CODE = YES;
				CLANG_WARN__DUPLICATE_METHOD_MATCH = YES;
				COPY_PHASE_STRIP = NO;
				DEBUG_INFORMATION_FORMAT = dwarf;
				ENABLE_STRICT_OBJC_MSGSEND = YES;
				ENABLE_TESTABILITY = YES;
				ENABLE_USER_SCRIPT_SANDBOXING = YES;
				GCC_C_LANGUAGE_STANDARD = gnu17;
				GCC_DYNAMIC_NO_PIC = NO;
				GCC_NO_COMMON_BLOCKS = YES;
				GCC_OPTIMIZATION_LEVEL = 0;
				GCC_PREPROCESSOR_DEFINITIONS = (
					"DEBUG=1",
					"$(inherited)",
				);
				GCC_WARN_64_TO_32_BIT_CONVERSION = YES;
				GCC_WARN_ABOUT_RETURN_TYPE = YES_ERROR;
				GCC_WARN_UNDECLARED_SELECTOR = YES;
				GCC_WARN_UNINITIALIZED_AUTOS = YES_AGGRESSIVE;
				GCC_WARN_UNUSED_FUNCTION = YES;
				GCC_WARN_UNUSED_VARIABLE = YES;
				IPHONEOS_DEPLOYMENT_TARGET = 17.0;
				LOCALIZATION_PREFERS_STRING_CATALOGS = YES;
				MTL_ENABLE_DEBUG_INFO = INCLUDE_SOURCE;
				MTL_FAST_MATH = YES;
				ONLY_ACTIVE_ARCH = YES;
				SDKROOT = iphoneos;
				SWIFT_ACTIVE_COMPILATION_CONDITIONS = "DEBUG $(inherited)";
				SWIFT_OPTIMIZATION_LEVEL = "-Onone";
			};
			name = Debug;
		};
		0B9E19432B15442A009C5719 /* Release */ = {
			isa = XCBuildConfiguration;
			buildSettings = {
				ALWAYS_SEARCH_USER_PATHS = NO;
				ASSETCATALOG_COMPILER_GENERATE_SWIFT_ASSET_SYMBOL_EXTENSIONS = YES;
				CLANG_ANALYZER_NONNULL = YES;
				CLANG_ANALYZER_NUMBER_OBJECT_CONVERSION = YES_AGGRESSIVE;
				CLANG_CXX_LANGUAGE_STANDARD = "gnu++20";
				CLANG_ENABLE_MODULES = YES;
				CLANG_ENABLE_OBJC_ARC = YES;
				CLANG_ENABLE_OBJC_WEAK = YES;
				CLANG_WARN_BLOCK_CAPTURE_AUTORELEASING = YES;
				CLANG_WARN_BOOL_CONVERSION = YES;
				CLANG_WARN_COMMA = YES;
				CLANG_WARN_CONSTANT_CONVERSION = YES;
				CLANG_WARN_DEPRECATED_OBJC_IMPLEMENTATIONS = YES;
				CLANG_WARN_DIRECT_OBJC_ISA_USAGE = YES_ERROR;
				CLANG_WARN_DOCUMENTATION_COMMENTS = YES;
				CLANG_WARN_EMPTY_BODY = YES;
				CLANG_WARN_ENUM_CONVERSION = YES;
				CLANG_WARN_INFINITE_RECURSION = YES;
				CLANG_WARN_INT_CONVERSION = YES;
				CLANG_WARN_NON_LITERAL_NULL_CONVERSION = YES;
				CLANG_WARN_OBJC_IMPLICIT_RETAIN_SELF = YES;
				CLANG_WARN_OBJC_LITERAL_CONVERSION = YES;
				CLANG_WARN_OBJC_ROOT_CLASS = YES_ERROR;
				CLANG_WARN_QUOTED_INCLUDE_IN_FRAMEWORK_HEADER = YES;
				CLANG_WARN_RANGE_LOOP_ANALYSIS = YES;
				CLANG_WARN_STRICT_PROTOTYPES = YES;
				CLANG_WARN_SUSPICIOUS_MOVE = YES;
				CLANG_WARN_UNGUARDED_AVAILABILITY = YES_AGGRESSIVE;
				CLANG_WARN_UNREACHABLE_CODE = YES;
				CLANG_WARN__DUPLICATE_METHOD_MATCH = YES;
				COPY_PHASE_STRIP = NO;
				DEBUG_INFORMATION_FORMAT = "dwarf-with-dsym";
				ENABLE_NS_ASSERTIONS = NO;
				ENABLE_STRICT_OBJC_MSGSEND = YES;
				ENABLE_USER_SCRIPT_SANDBOXING = YES;
				GCC_C_LANGUAGE_STANDARD = gnu17;
				GCC_NO_COMMON_BLOCKS = YES;
				GCC_WARN_64_TO_32_BIT_CONVERSION = YES;
				GCC_WARN_ABOUT_RETURN_TYPE = YES_ERROR;
				GCC_WARN_UNDECLARED_SELECTOR = YES;
				GCC_WARN_UNINITIALIZED_AUTOS = YES_AGGRESSIVE;
				GCC_WARN_UNUSED_FUNCTION = YES;
				GCC_WARN_UNUSED_VARIABLE = YES;
				IPHONEOS_DEPLOYMENT_TARGET = 17.0;
				LOCALIZATION_PREFERS_STRING_CATALOGS = YES;
				MTL_ENABLE_DEBUG_INFO = NO;
				MTL_FAST_MATH = YES;
				SDKROOT = iphoneos;
				SWIFT_COMPILATION_MODE = wholemodule;
				VALIDATE_PRODUCT = YES;
			};
			name = Release;
		};
		0B9E19452B15442A009C5719 /* Debug */ = {
			isa = XCBuildConfiguration;
			baseConfigurationReference = 95DB999D81A8EBBE39ABC3B2 /* Pods-MoviesApp.debug.xcconfig */;
			buildSettings = {
				API_BASE_URL = "https://api.themoviedb.org/3/";
				API_KEY = c9856d0cb57c3f14bf75bdc6c063b8f3;
				ASSETCATALOG_COMPILER_APPICON_NAME = AppIcon;
				ASSETCATALOG_COMPILER_GLOBAL_ACCENT_COLOR_NAME = AccentColor;
				CODE_SIGN_STYLE = Automatic;
				CURRENT_PROJECT_VERSION = 1;
				GENERATE_INFOPLIST_FILE = YES;
				INFOPLIST_FILE = MoviesApp/Info.plist;
				INFOPLIST_KEY_UIApplicationSupportsIndirectInputEvents = YES;
				INFOPLIST_KEY_UILaunchStoryboardName = LaunchScreen;
				INFOPLIST_KEY_UIMainStoryboardFile = Main;
				INFOPLIST_KEY_UISupportedInterfaceOrientations_iPad = "UIInterfaceOrientationPortrait UIInterfaceOrientationPortraitUpsideDown UIInterfaceOrientationLandscapeLeft UIInterfaceOrientationLandscapeRight";
				INFOPLIST_KEY_UISupportedInterfaceOrientations_iPhone = "UIInterfaceOrientationPortrait UIInterfaceOrientationLandscapeLeft UIInterfaceOrientationLandscapeRight";
				LD_RUNPATH_SEARCH_PATHS = (
					"$(inherited)",
					"@executable_path/Frameworks",
				);
				MARKETING_VERSION = 1.0;
				PRODUCT_BUNDLE_IDENTIFIER = com.khaled.MoviesApp;
				PRODUCT_NAME = "$(TARGET_NAME)";
				SWIFT_EMIT_LOC_STRINGS = YES;
				SWIFT_VERSION = 5.0;
				TARGETED_DEVICE_FAMILY = "1,2";
			};
			name = Debug;
		};
		0B9E19462B15442A009C5719 /* Release */ = {
			isa = XCBuildConfiguration;
			baseConfigurationReference = 61A6B86AA579DB98A9E00C68 /* Pods-MoviesApp.release.xcconfig */;
			buildSettings = {
				API_BASE_URL = "https://api.themoviedb.org/3/";
				API_KEY = c9856d0cb57c3f14bf75bdc6c063b8f3;
				ASSETCATALOG_COMPILER_APPICON_NAME = AppIcon;
				ASSETCATALOG_COMPILER_GLOBAL_ACCENT_COLOR_NAME = AccentColor;
				CODE_SIGN_STYLE = Automatic;
				CURRENT_PROJECT_VERSION = 1;
				GENERATE_INFOPLIST_FILE = YES;
				INFOPLIST_FILE = MoviesApp/Info.plist;
				INFOPLIST_KEY_UIApplicationSupportsIndirectInputEvents = YES;
				INFOPLIST_KEY_UILaunchStoryboardName = LaunchScreen;
				INFOPLIST_KEY_UIMainStoryboardFile = Main;
				INFOPLIST_KEY_UISupportedInterfaceOrientations_iPad = "UIInterfaceOrientationPortrait UIInterfaceOrientationPortraitUpsideDown UIInterfaceOrientationLandscapeLeft UIInterfaceOrientationLandscapeRight";
				INFOPLIST_KEY_UISupportedInterfaceOrientations_iPhone = "UIInterfaceOrientationPortrait UIInterfaceOrientationLandscapeLeft UIInterfaceOrientationLandscapeRight";
				LD_RUNPATH_SEARCH_PATHS = (
					"$(inherited)",
					"@executable_path/Frameworks",
				);
				MARKETING_VERSION = 1.0;
				PRODUCT_BUNDLE_IDENTIFIER = com.khaled.MoviesApp;
				PRODUCT_NAME = "$(TARGET_NAME)";
				SWIFT_EMIT_LOC_STRINGS = YES;
				SWIFT_VERSION = 5.0;
				TARGETED_DEVICE_FAMILY = "1,2";
			};
			name = Release;
		};
		0B9E19482B15442A009C5719 /* Debug */ = {
			isa = XCBuildConfiguration;
			baseConfigurationReference = 4061D7880151D3873E0C29A2 /* Pods-MoviesAppTests.debug.xcconfig */;
			buildSettings = {
				ALWAYS_EMBED_SWIFT_STANDARD_LIBRARIES = YES;
				BUNDLE_LOADER = "$(TEST_HOST)";
				CODE_SIGN_STYLE = Automatic;
				CURRENT_PROJECT_VERSION = 1;
				GENERATE_INFOPLIST_FILE = YES;
				IPHONEOS_DEPLOYMENT_TARGET = 17.0;
				MARKETING_VERSION = 1.0;
				PRODUCT_BUNDLE_IDENTIFIER = com.khaled.MoviesAppTests;
				PRODUCT_NAME = "$(TARGET_NAME)";
				SWIFT_EMIT_LOC_STRINGS = NO;
				SWIFT_VERSION = 5.0;
				TARGETED_DEVICE_FAMILY = "1,2";
				TEST_HOST = "$(BUILT_PRODUCTS_DIR)/MoviesApp.app/$(BUNDLE_EXECUTABLE_FOLDER_PATH)/MoviesApp";
			};
			name = Debug;
		};
		0B9E19492B15442A009C5719 /* Release */ = {
			isa = XCBuildConfiguration;
			baseConfigurationReference = 590023D8CA295EC0153CDBA6 /* Pods-MoviesAppTests.release.xcconfig */;
			buildSettings = {
				ALWAYS_EMBED_SWIFT_STANDARD_LIBRARIES = YES;
				BUNDLE_LOADER = "$(TEST_HOST)";
				CODE_SIGN_STYLE = Automatic;
				CURRENT_PROJECT_VERSION = 1;
				GENERATE_INFOPLIST_FILE = YES;
				IPHONEOS_DEPLOYMENT_TARGET = 17.0;
				MARKETING_VERSION = 1.0;
				PRODUCT_BUNDLE_IDENTIFIER = com.khaled.MoviesAppTests;
				PRODUCT_NAME = "$(TARGET_NAME)";
				SWIFT_EMIT_LOC_STRINGS = NO;
				SWIFT_VERSION = 5.0;
				TARGETED_DEVICE_FAMILY = "1,2";
				TEST_HOST = "$(BUILT_PRODUCTS_DIR)/MoviesApp.app/$(BUNDLE_EXECUTABLE_FOLDER_PATH)/MoviesApp";
			};
			name = Release;
		};
		0B9E194B2B15442A009C5719 /* Debug */ = {
			isa = XCBuildConfiguration;
			baseConfigurationReference = DABDBDD5379F4980BAEEC06D /* Pods-MoviesApp-MoviesAppUITests.debug.xcconfig */;
			buildSettings = {
				ALWAYS_EMBED_SWIFT_STANDARD_LIBRARIES = YES;
				CODE_SIGN_STYLE = Automatic;
				CURRENT_PROJECT_VERSION = 1;
				GENERATE_INFOPLIST_FILE = YES;
				MARKETING_VERSION = 1.0;
				PRODUCT_BUNDLE_IDENTIFIER = com.khaled.MoviesAppUITests;
				PRODUCT_NAME = "$(TARGET_NAME)";
				SWIFT_EMIT_LOC_STRINGS = NO;
				SWIFT_VERSION = 5.0;
				TARGETED_DEVICE_FAMILY = "1,2";
				TEST_TARGET_NAME = MoviesApp;
			};
			name = Debug;
		};
		0B9E194C2B15442A009C5719 /* Release */ = {
			isa = XCBuildConfiguration;
			baseConfigurationReference = BDAE21AAB5B985FB3E002AC8 /* Pods-MoviesApp-MoviesAppUITests.release.xcconfig */;
			buildSettings = {
				ALWAYS_EMBED_SWIFT_STANDARD_LIBRARIES = YES;
				CODE_SIGN_STYLE = Automatic;
				CURRENT_PROJECT_VERSION = 1;
				GENERATE_INFOPLIST_FILE = YES;
				MARKETING_VERSION = 1.0;
				PRODUCT_BUNDLE_IDENTIFIER = com.khaled.MoviesAppUITests;
				PRODUCT_NAME = "$(TARGET_NAME)";
				SWIFT_EMIT_LOC_STRINGS = NO;
				SWIFT_VERSION = 5.0;
				TARGETED_DEVICE_FAMILY = "1,2";
				TEST_TARGET_NAME = MoviesApp;
			};
			name = Release;
		};
/* End XCBuildConfiguration section */

/* Begin XCConfigurationList section */
		0B9E19152B154429009C5719 /* Build configuration list for PBXProject "MoviesApp" */ = {
			isa = XCConfigurationList;
			buildConfigurations = (
				0B9E19422B15442A009C5719 /* Debug */,
				0B9E19432B15442A009C5719 /* Release */,
			);
			defaultConfigurationIsVisible = 0;
			defaultConfigurationName = Release;
		};
		0B9E19442B15442A009C5719 /* Build configuration list for PBXNativeTarget "MoviesApp" */ = {
			isa = XCConfigurationList;
			buildConfigurations = (
				0B9E19452B15442A009C5719 /* Debug */,
				0B9E19462B15442A009C5719 /* Release */,
			);
			defaultConfigurationIsVisible = 0;
			defaultConfigurationName = Release;
		};
		0B9E19472B15442A009C5719 /* Build configuration list for PBXNativeTarget "MoviesAppTests" */ = {
			isa = XCConfigurationList;
			buildConfigurations = (
				0B9E19482B15442A009C5719 /* Debug */,
				0B9E19492B15442A009C5719 /* Release */,
			);
			defaultConfigurationIsVisible = 0;
			defaultConfigurationName = Release;
		};
		0B9E194A2B15442A009C5719 /* Build configuration list for PBXNativeTarget "MoviesAppUITests" */ = {
			isa = XCConfigurationList;
			buildConfigurations = (
				0B9E194B2B15442A009C5719 /* Debug */,
				0B9E194C2B15442A009C5719 /* Release */,
			);
			defaultConfigurationIsVisible = 0;
			defaultConfigurationName = Release;
		};
/* End XCConfigurationList section */
	};
	rootObject = 0B9E19122B154429009C5719 /* Project object */;
}
