// !$*UTF8*$!
{
	archiveVersion = 1;
	classes = {
	};
	objectVersion = 56;
	objects = {

/* Begin PBXBuildFile section */
		0B9E191E2B154429009C5719 /* AppDelegate.swift in Sources */ = {isa = PBXBuildFile; fileRef = 0B9E191D2B154429009C5719 /* AppDelegate.swift */; };
		0B9E19202B154429009C5719 /* SceneDelegate.swift in Sources */ = {isa = PBXBuildFile; fileRef = 0B9E191F2B154429009C5719 /* SceneDelegate.swift */; };
		0B9E19222B154429009C5719 /* ViewController.swift in Sources */ = {isa = PBXBuildFile; fileRef = 0B9E19212B154429009C5719 /* ViewController.swift */; };
		0B9E19252B154429009C5719 /* Main.storyboard in Resources */ = {isa = PBXBuildFile; fileRef = 0B9E19232B154429009C5719 /* Main.storyboard */; };
		0B9E19272B15442A009C5719 /* Assets.xcassets in Resources */ = {isa = PBXBuildFile; fileRef = 0B9E19262B15442A009C5719 /* Assets.xcassets */; };
		0B9E192A2B15442A009C5719 /* LaunchScreen.storyboard in Resources */ = {isa = PBXBuildFile; fileRef = 0B9E19282B15442A009C5719 /* LaunchScreen.storyboard */; };
		0B9E19352B15442A009C5719 /* MoviesAppTests.swift in Sources */ = {isa = PBXBuildFile; fileRef = 0B9E19342B15442A009C5719 /* MoviesAppTests.swift */; };
		0B9E193F2B15442A009C5719 /* MoviesAppUITests.swift in Sources */ = {isa = PBXBuildFile; fileRef = 0B9E193E2B15442A009C5719 /* MoviesAppUITests.swift */; };
		0B9E19412B15442A009C5719 /* MoviesAppUITestsLaunchTests.swift in Sources */ = {isa = PBXBuildFile; fileRef = 0B9E19402B15442A009C5719 /* MoviesAppUITestsLaunchTests.swift */; };
		0B9E195B2B1547D5009C5719 /* Features in Resources */ = {isa = PBXBuildFile; fileRef = 0B9E195A2B1547D5009C5719 /* Features */; };
/* End PBXBuildFile section */

/* Begin PBXContainerItemProxy section */
		0B9E19312B15442A009C5719 /* PBXContainerItemProxy */ = {
			isa = PBXContainerItemProxy;
			containerPortal = 0B9E19122B154429009C5719 /* Project object */;
			proxyType = 1;
			remoteGlobalIDString = 0B9E19192B154429009C5719;
			remoteInfo = MoviesApp;
		};
		0B9E193B2B15442A009C5719 /* PBXContainerItemProxy */ = {
			isa = PBXContainerItemProxy;
			containerPortal = 0B9E19122B154429009C5719 /* Project object */;
			proxyType = 1;
			remoteGlobalIDString = 0B9E19192B154429009C5719;
			remoteInfo = MoviesApp;
		};
/* End PBXContainerItemProxy section */

/* Begin PBXFileReference section */
		0B9E191A2B154429009C5719 /* MoviesApp.app */ = {isa = PBXFileReference; explicitFileType = wrapper.application; includeInIndex = 0; path = MoviesApp.app; sourceTree = BUILT_PRODUCTS_DIR; };
		0B9E191D2B154429009C5719 /* AppDelegate.swift */ = {isa = PBXFileReference; lastKnownFileType = sourcecode.swift; path = AppDelegate.swift; sourceTree = "<group>"; };
		0B9E191F2B154429009C5719 /* SceneDelegate.swift */ = {isa = PBXFileReference; lastKnownFileType = sourcecode.swift; path = SceneDelegate.swift; sourceTree = "<group>"; };
		0B9E19212B154429009C5719 /* ViewController.swift */ = {isa = PBXFileReference; lastKnownFileType = sourcecode.swift; path = ViewController.swift; sourceTree = "<group>"; };
		0B9E19242B154429009C5719 /* Base */ = {isa = PBXFileReference; lastKnownFileType = file.storyboard; name = Base; path = Base.lproj/Main.storyboard; sourceTree = "<group>"; };
		0B9E19262B15442A009C5719 /* Assets.xcassets */ = {isa = PBXFileReference; lastKnownFileType = folder.assetcatalog; path = Assets.xcassets; sourceTree = "<group>"; };
		0B9E19292B15442A009C5719 /* Base */ = {isa = PBXFileReference; lastKnownFileType = file.storyboard; name = Base; path = Base.lproj/LaunchScreen.storyboard; sourceTree = "<group>"; };
		0B9E192B2B15442A009C5719 /* Info.plist */ = {isa = PBXFileReference; lastKnownFileType = text.plist.xml; path = Info.plist; sourceTree = "<group>"; };
		0B9E19302B15442A009C5719 /* MoviesAppTests.xctest */ = {isa = PBXFileReference; explicitFileType = wrapper.cfbundle; includeInIndex = 0; path = MoviesAppTests.xctest; sourceTree = BUILT_PRODUCTS_DIR; };
		0B9E19342B15442A009C5719 /* MoviesAppTests.swift */ = {isa = PBXFileReference; lastKnownFileType = sourcecode.swift; path = MoviesAppTests.swift; sourceTree = "<group>"; };
		0B9E193A2B15442A009C5719 /* MoviesAppUITests.xctest */ = {isa = PBXFileReference; explicitFileType = wrapper.cfbundle; includeInIndex = 0; path = MoviesAppUITests.xctest; sourceTree = BUILT_PRODUCTS_DIR; };
		0B9E193E2B15442A009C5719 /* MoviesAppUITests.swift */ = {isa = PBXFileReference; lastKnownFileType = sourcecode.swift; path = MoviesAppUITests.swift; sourceTree = "<group>"; };
		0B9E19402B15442A009C5719 /* MoviesAppUITestsLaunchTests.swift */ = {isa = PBXFileReference; lastKnownFileType = sourcecode.swift; path = MoviesAppUITestsLaunchTests.swift; sourceTree = "<group>"; };
		0B9E195A2B1547D5009C5719 /* Features */ = {isa = PBXFileReference; lastKnownFileType = folder; path = Features; sourceTree = "<group>"; };
/* End PBXFileReference section */

/* Begin PBXFrameworksBuildPhase section */
		0B9E19172B154429009C5719 /* Frameworks */ = {
			isa = PBXFrameworksBuildPhase;
			buildActionMask = 2147483647;
			files = (
			);
			runOnlyForDeploymentPostprocessing = 0;
		};
		0B9E192D2B15442A009C5719 /* Frameworks */ = {
			isa = PBXFrameworksBuildPhase;
			buildActionMask = 2147483647;
			files = (
			);
			runOnlyForDeploymentPostprocessing = 0;
		};
		0B9E19372B15442A009C5719 /* Frameworks */ = {
			isa = PBXFrameworksBuildPhase;
			buildActionMask = 2147483647;
			files = (
			);
			runOnlyForDeploymentPostprocessing = 0;
		};
/* End PBXFrameworksBuildPhase section */

/* Begin PBXGroup section */
		0B9E19112B154429009C5719 = {
			isa = PBXGroup;
			children = (
				0B9E191C2B154429009C5719 /* MoviesApp */,
				0B9E19332B15442A009C5719 /* MoviesAppTests */,
				0B9E193D2B15442A009C5719 /* MoviesAppUITests */,
				0B9E191B2B154429009C5719 /* Products */,
			);
			sourceTree = "<group>";
		};
		0B9E191B2B154429009C5719 /* Products */ = {
			isa = PBXGroup;
			children = (
				0B9E191A2B154429009C5719 /* MoviesApp.app */,
				0B9E19302B15442A009C5719 /* MoviesAppTests.xctest */,
				0B9E193A2B15442A009C5719 /* MoviesAppUITests.xctest */,
			);
			name = Products;
			sourceTree = "<group>";
		};
		0B9E191C2B154429009C5719 /* MoviesApp */ = {
			isa = PBXGroup;
			children = (
				0B9E194E2B1545DC009C5719 /* Features */,
				0B9E194D2B154440009C5719 /* Application */,
				0B9E19232B154429009C5719 /* Main.storyboard */,
				0B9E19262B15442A009C5719 /* Assets.xcassets */,
				0B9E19282B15442A009C5719 /* LaunchScreen.storyboard */,
				0B9E192B2B15442A009C5719 /* Info.plist */,
			);
			path = MoviesApp;
			sourceTree = "<group>";
		};
		0B9E19332B15442A009C5719 /* MoviesAppTests */ = {
			isa = PBXGroup;
			children = (
				0B9E195A2B1547D5009C5719 /* Features */,
				0B9E19342B15442A009C5719 /* MoviesAppTests.swift */,
			);
			path = MoviesAppTests;
			sourceTree = "<group>";
		};
		0B9E193D2B15442A009C5719 /* MoviesAppUITests */ = {
			isa = PBXGroup;
			children = (
				0B9E193E2B15442A009C5719 /* MoviesAppUITests.swift */,
				0B9E19402B15442A009C5719 /* MoviesAppUITestsLaunchTests.swift */,
			);
			path = MoviesAppUITests;
			sourceTree = "<group>";
		};
		0B9E194D2B154440009C5719 /* Application */ = {
			isa = PBXGroup;
			children = (
				0B9E19212B154429009C5719 /* ViewController.swift */,
				0B9E191F2B154429009C5719 /* SceneDelegate.swift */,
				0B9E191D2B154429009C5719 /* AppDelegate.swift */,
			);
			path = Application;
			sourceTree = "<group>";
		};
		0B9E194E2B1545DC009C5719 /* Features */ = {
			isa = PBXGroup;
			children = (
				0B9E19502B154645009C5719 /* MovieDetails */,
				0B9E194F2B154636009C5719 /* MoviesList */,
			);
			path = Features;
			sourceTree = "<group>";
		};
		0B9E194F2B154636009C5719 /* MoviesList */ = {
			isa = PBXGroup;
			children = (
				0B9E19582B1546B4009C5719 /* Presentation */,
				0B9E19572B1546AF009C5719 /* Domain */,
				0B9E19562B1546AC009C5719 /* Data */,
				0B9E19552B1546AA009C5719 /* DI */,
			);
			path = MoviesList;
			sourceTree = "<group>";
		};
		0B9E19502B154645009C5719 /* MovieDetails */ = {
			isa = PBXGroup;
			children = (
				0B9E19542B15468C009C5719 /* DI */,
				0B9E19532B154682009C5719 /* Data */,
				0B9E19522B154677009C5719 /* Domain */,
				0B9E19512B154669009C5719 /* Presentation */,
			);
			path = MovieDetails;
			sourceTree = "<group>";
		};
		0B9E19512B154669009C5719 /* Presentation */ = {
			isa = PBXGroup;
			children = (
			);
			path = Presentation;
			sourceTree = "<group>";
		};
		0B9E19522B154677009C5719 /* Domain */ = {
			isa = PBXGroup;
			children = (
			);
			path = Domain;
			sourceTree = "<group>";
		};
		0B9E19532B154682009C5719 /* Data */ = {
			isa = PBXGroup;
			children = (
			);
			path = Data;
			sourceTree = "<group>";
		};
		0B9E19542B15468C009C5719 /* DI */ = {
			isa = PBXGroup;
			children = (
			);
			path = DI;
			sourceTree = "<group>";
		};
		0B9E19552B1546AA009C5719 /* DI */ = {
			isa = PBXGroup;
			children = (
			);
			path = DI;
			sourceTree = "<group>";
		};
		0B9E19562B1546AC009C5719 /* Data */ = {
			isa = PBXGroup;
			children = (
			);
			path = Data;
			sourceTree = "<group>";
		};
		0B9E19572B1546AF009C5719 /* Domain */ = {
			isa = PBXGroup;
			children = (
			);
			path = Domain;
			sourceTree = "<group>";
		};
		0B9E19582B1546B4009C5719 /* Presentation */ = {
			isa = PBXGroup;
			children = (
			);
			path = Presentation;
			sourceTree = "<group>";
		};
/* End PBXGroup section */

/* Begin PBXNativeTarget section */
		0B9E19192B154429009C5719 /* MoviesApp */ = {
			isa = PBXNativeTarget;
			buildConfigurationList = 0B9E19442B15442A009C5719 /* Build configuration list for PBXNativeTarget "MoviesApp" */;
			buildPhases = (
				0B9E19162B154429009C5719 /* Sources */,
				0B9E19172B154429009C5719 /* Frameworks */,
				0B9E19182B154429009C5719 /* Resources */,
			);
			buildRules = (
			);
			dependencies = (
			);
			name = MoviesApp;
			productName = MoviesApp;
			productReference = 0B9E191A2B154429009C5719 /* MoviesApp.app */;
			productType = "com.apple.product-type.application";
		};
		0B9E192F2B15442A009C5719 /* MoviesAppTests */ = {
			isa = PBXNativeTarget;
			buildConfigurationList = 0B9E19472B15442A009C5719 /* Build configuration list for PBXNativeTarget "MoviesAppTests" */;
			buildPhases = (
				0B9E192C2B15442A009C5719 /* Sources */,
				0B9E192D2B15442A009C5719 /* Frameworks */,
				0B9E192E2B15442A009C5719 /* Resources */,
			);
			buildRules = (
			);
			dependencies = (
				0B9E19322B15442A009C5719 /* PBXTargetDependency */,
			);
			name = MoviesAppTests;
			productName = MoviesAppTests;
			productReference = 0B9E19302B15442A009C5719 /* MoviesAppTests.xctest */;
			productType = "com.apple.product-type.bundle.unit-test";
		};
		0B9E19392B15442A009C5719 /* MoviesAppUITests */ = {
			isa = PBXNativeTarget;
			buildConfigurationList = 0B9E194A2B15442A009C5719 /* Build configuration list for PBXNativeTarget "MoviesAppUITests" */;
			buildPhases = (
				0B9E19362B15442A009C5719 /* Sources */,
				0B9E19372B15442A009C5719 /* Frameworks */,
				0B9E19382B15442A009C5719 /* Resources */,
			);
			buildRules = (
			);
			dependencies = (
				0B9E193C2B15442A009C5719 /* PBXTargetDependency */,
			);
			name = MoviesAppUITests;
			productName = MoviesAppUITests;
			productReference = 0B9E193A2B15442A009C5719 /* MoviesAppUITests.xctest */;
			productType = "com.apple.product-type.bundle.ui-testing";
		};
/* End PBXNativeTarget section */

/* Begin PBXProject section */
		0B9E19122B154429009C5719 /* Project object */ = {
			isa = PBXProject;
			attributes = {
				BuildIndependentTargetsInParallel = 1;
				LastSwiftUpdateCheck = 1500;
				LastUpgradeCheck = 1500;
				TargetAttributes = {
					0B9E19192B154429009C5719 = {
						CreatedOnToolsVersion = 15.0.1;
					};
					0B9E192F2B15442A009C5719 = {
						CreatedOnToolsVersion = 15.0.1;
						TestTargetID = 0B9E19192B154429009C5719;
					};
					0B9E19392B15442A009C5719 = {
						CreatedOnToolsVersion = 15.0.1;
						TestTargetID = 0B9E19192B154429009C5719;
					};
				};
			};
			buildConfigurationList = 0B9E19152B154429009C5719 /* Build configuration list for PBXProject "MoviesApp" */;
			compatibilityVersion = "Xcode 14.0";
			developmentRegion = en;
			hasScannedForEncodings = 0;
			knownRegions = (
				en,
				Base,
			);
			mainGroup = 0B9E19112B154429009C5719;
			productRefGroup = 0B9E191B2B154429009C5719 /* Products */;
			projectDirPath = "";
			projectRoot = "";
			targets = (
				0B9E19192B154429009C5719 /* MoviesApp */,
				0B9E192F2B15442A009C5719 /* MoviesAppTests */,
				0B9E19392B15442A009C5719 /* MoviesAppUITests */,
			);
		};
/* End PBXProject section */

/* Begin PBXResourcesBuildPhase section */
		0B9E19182B154429009C5719 /* Resources */ = {
			isa = PBXResourcesBuildPhase;
			buildActionMask = 2147483647;
			files = (
				0B9E192A2B15442A009C5719 /* LaunchScreen.storyboard in Resources */,
				0B9E19272B15442A009C5719 /* Assets.xcassets in Resources */,
				0B9E19252B154429009C5719 /* Main.storyboard in Resources */,
			);
			runOnlyForDeploymentPostprocessing = 0;
		};
		0B9E192E2B15442A009C5719 /* Resources */ = {
			isa = PBXResourcesBuildPhase;
			buildActionMask = 2147483647;
			files = (
				0B9E195B2B1547D5009C5719 /* Features in Resources */,
			);
			runOnlyForDeploymentPostprocessing = 0;
		};
		0B9E19382B15442A009C5719 /* Resources */ = {
			isa = PBXResourcesBuildPhase;
			buildActionMask = 2147483647;
			files = (
			);
			runOnlyForDeploymentPostprocessing = 0;
		};
/* End PBXResourcesBuildPhase section */

/* Begin PBXSourcesBuildPhase section */
		0B9E19162B154429009C5719 /* Sources */ = {
			isa = PBXSourcesBuildPhase;
			buildActionMask = 2147483647;
			files = (
				0B9E19222B154429009C5719 /* ViewController.swift in Sources */,
				0B9E191E2B154429009C5719 /* AppDelegate.swift in Sources */,
				0B9E19202B154429009C5719 /* SceneDelegate.swift in Sources */,
			);
			runOnlyForDeploymentPostprocessing = 0;
		};
		0B9E192C2B15442A009C5719 /* Sources */ = {
			isa = PBXSourcesBuildPhase;
			buildActionMask = 2147483647;
			files = (
				0B9E19352B15442A009C5719 /* MoviesAppTests.swift in Sources */,
			);
			runOnlyForDeploymentPostprocessing = 0;
		};
		0B9E19362B15442A009C5719 /* Sources */ = {
			isa = PBXSourcesBuildPhase;
			buildActionMask = 2147483647;
			files = (
				0B9E193F2B15442A009C5719 /* MoviesAppUITests.swift in Sources */,
				0B9E19412B15442A009C5719 /* MoviesAppUITestsLaunchTests.swift in Sources */,
			);
			runOnlyForDeploymentPostprocessing = 0;
		};
/* End PBXSourcesBuildPhase section */

/* Begin PBXTargetDependency section */
		0B9E19322B15442A009C5719 /* PBXTargetDependency */ = {
			isa = PBXTargetDependency;
			target = 0B9E19192B154429009C5719 /* MoviesApp */;
			targetProxy = 0B9E19312B15442A009C5719 /* PBXContainerItemProxy */;
		};
		0B9E193C2B15442A009C5719 /* PBXTargetDependency */ = {
			isa = PBXTargetDependency;
			target = 0B9E19192B154429009C5719 /* MoviesApp */;
			targetProxy = 0B9E193B2B15442A009C5719 /* PBXContainerItemProxy */;
		};
/* End PBXTargetDependency section */

/* Begin PBXVariantGroup section */
		0B9E19232B154429009C5719 /* Main.storyboard */ = {
			isa = PBXVariantGroup;
			children = (
				0B9E19242B154429009C5719 /* Base */,
			);
			name = Main.storyboard;
			sourceTree = "<group>";
		};
		0B9E19282B15442A009C5719 /* LaunchScreen.storyboard */ = {
			isa = PBXVariantGroup;
			children = (
				0B9E19292B15442A009C5719 /* Base */,
			);
			name = LaunchScreen.storyboard;
			sourceTree = "<group>";
		};
/* End PBXVariantGroup section */

/* Begin XCBuildConfiguration section */
		0B9E19422B15442A009C5719 /* Debug */ = {
			isa = XCBuildConfiguration;
			buildSettings = {
				ALWAYS_SEARCH_USER_PATHS = NO;
				ASSETCATALOG_COMPILER_GENERATE_SWIFT_ASSET_SYMBOL_EXTENSIONS = YES;
				CLANG_ANALYZER_NONNULL = YES;
				CLANG_ANALYZER_NUMBER_OBJECT_CONVERSION = YES_AGGRESSIVE;
				CLANG_CXX_LANGUAGE_STANDARD = "gnu++20";
				CLANG_ENABLE_MODULES = YES;
				CLANG_ENABLE_OBJC_ARC = YES;
				CLANG_ENABLE_OBJC_WEAK = YES;
				CLANG_WARN_BLOCK_CAPTURE_AUTORELEASING = YES;
				CLANG_WARN_BOOL_CONVERSION = YES;
				CLANG_WARN_COMMA = YES;
				CLANG_WARN_CONSTANT_CONVERSION = YES;
				CLANG_WARN_DEPRECATED_OBJC_IMPLEMENTATIONS = YES;
				CLANG_WARN_DIRECT_OBJC_ISA_USAGE = YES_ERROR;
				CLANG_WARN_DOCUMENTATION_COMMENTS = YES;
				CLANG_WARN_EMPTY_BODY = YES;
				CLANG_WARN_ENUM_CONVERSION = YES;
				CLANG_WARN_INFINITE_RECURSION = YES;
				CLANG_WARN_INT_CONVERSION = YES;
				CLANG_WARN_NON_LITERAL_NULL_CONVERSION = YES;
				CLANG_WARN_OBJC_IMPLICIT_RETAIN_SELF = YES;
				CLANG_WARN_OBJC_LITERAL_CONVERSION = YES;
				CLANG_WARN_OBJC_ROOT_CLASS = YES_ERROR;
				CLANG_WARN_QUOTED_INCLUDE_IN_FRAMEWORK_HEADER = YES;
				CLANG_WARN_RANGE_LOOP_ANALYSIS = YES;
				CLANG_WARN_STRICT_PROTOTYPES = YES;
				CLANG_WARN_SUSPICIOUS_MOVE = YES;
				CLANG_WARN_UNGUARDED_AVAILABILITY = YES_AGGRESSIVE;
				CLANG_WARN_UNREACHABLE_CODE = YES;
				CLANG_WARN__DUPLICATE_METHOD_MATCH = YES;
				COPY_PHASE_STRIP = NO;
				DEBUG_INFORMATION_FORMAT = dwarf;
				ENABLE_STRICT_OBJC_MSGSEND = YES;
				ENABLE_TESTABILITY = YES;
				ENABLE_USER_SCRIPT_SANDBOXING = YES;
				GCC_C_LANGUAGE_STANDARD = gnu17;
				GCC_DYNAMIC_NO_PIC = NO;
				GCC_NO_COMMON_BLOCKS = YES;
				GCC_OPTIMIZATION_LEVEL = 0;
				GCC_PREPROCESSOR_DEFINITIONS = (
					"DEBUG=1",
					"$(inherited)",
				);
				GCC_WARN_64_TO_32_BIT_CONVERSION = YES;
				GCC_WARN_ABOUT_RETURN_TYPE = YES_ERROR;
				GCC_WARN_UNDECLARED_SELECTOR = YES;
				GCC_WARN_UNINITIALIZED_AUTOS = YES_AGGRESSIVE;
				GCC_WARN_UNUSED_FUNCTION = YES;
				GCC_WARN_UNUSED_VARIABLE = YES;
				IPHONEOS_DEPLOYMENT_TARGET = 17.0;
				LOCALIZATION_PREFERS_STRING_CATALOGS = YES;
				MTL_ENABLE_DEBUG_INFO = INCLUDE_SOURCE;
				MTL_FAST_MATH = YES;
				ONLY_ACTIVE_ARCH = YES;
				SDKROOT = iphoneos;
				SWIFT_ACTIVE_COMPILATION_CONDITIONS = "DEBUG $(inherited)";
				SWIFT_OPTIMIZATION_LEVEL = "-Onone";
			};
			name = Debug;
		};
		0B9E19432B15442A009C5719 /* Release */ = {
			isa = XCBuildConfiguration;
			buildSettings = {
				ALWAYS_SEARCH_USER_PATHS = NO;
				ASSETCATALOG_COMPILER_GENERATE_SWIFT_ASSET_SYMBOL_EXTENSIONS = YES;
				CLANG_ANALYZER_NONNULL = YES;
				CLANG_ANALYZER_NUMBER_OBJECT_CONVERSION = YES_AGGRESSIVE;
				CLANG_CXX_LANGUAGE_STANDARD = "gnu++20";
				CLANG_ENABLE_MODULES = YES;
				CLANG_ENABLE_OBJC_ARC = YES;
				CLANG_ENABLE_OBJC_WEAK = YES;
				CLANG_WARN_BLOCK_CAPTURE_AUTORELEASING = YES;
				CLANG_WARN_BOOL_CONVERSION = YES;
				CLANG_WARN_COMMA = YES;
				CLANG_WARN_CONSTANT_CONVERSION = YES;
				CLANG_WARN_DEPRECATED_OBJC_IMPLEMENTATIONS = YES;
				CLANG_WARN_DIRECT_OBJC_ISA_USAGE = YES_ERROR;
				CLANG_WARN_DOCUMENTATION_COMMENTS = YES;
				CLANG_WARN_EMPTY_BODY = YES;
				CLANG_WARN_ENUM_CONVERSION = YES;
				CLANG_WARN_INFINITE_RECURSION = YES;
				CLANG_WARN_INT_CONVERSION = YES;
				CLANG_WARN_NON_LITERAL_NULL_CONVERSION = YES;
				CLANG_WARN_OBJC_IMPLICIT_RETAIN_SELF = YES;
				CLANG_WARN_OBJC_LITERAL_CONVERSION = YES;
				CLANG_WARN_OBJC_ROOT_CLASS = YES_ERROR;
				CLANG_WARN_QUOTED_INCLUDE_IN_FRAMEWORK_HEADER = YES;
				CLANG_WARN_RANGE_LOOP_ANALYSIS = YES;
				CLANG_WARN_STRICT_PROTOTYPES = YES;
				CLANG_WARN_SUSPICIOUS_MOVE = YES;
				CLANG_WARN_UNGUARDED_AVAILABILITY = YES_AGGRESSIVE;
				CLANG_WARN_UNREACHABLE_CODE = YES;
				CLANG_WARN__DUPLICATE_METHOD_MATCH = YES;
				COPY_PHASE_STRIP = NO;
				DEBUG_INFORMATION_FORMAT = "dwarf-with-dsym";
				ENABLE_NS_ASSERTIONS = NO;
				ENABLE_STRICT_OBJC_MSGSEND = YES;
				ENABLE_USER_SCRIPT_SANDBOXING = YES;
				GCC_C_LANGUAGE_STANDARD = gnu17;
				GCC_NO_COMMON_BLOCKS = YES;
				GCC_WARN_64_TO_32_BIT_CONVERSION = YES;
				GCC_WARN_ABOUT_RETURN_TYPE = YES_ERROR;
				GCC_WARN_UNDECLARED_SELECTOR = YES;
				GCC_WARN_UNINITIALIZED_AUTOS = YES_AGGRESSIVE;
				GCC_WARN_UNUSED_FUNCTION = YES;
				GCC_WARN_UNUSED_VARIABLE = YES;
				IPHONEOS_DEPLOYMENT_TARGET = 17.0;
				LOCALIZATION_PREFERS_STRING_CATALOGS = YES;
				MTL_ENABLE_DEBUG_INFO = NO;
				MTL_FAST_MATH = YES;
				SDKROOT = iphoneos;
				SWIFT_COMPILATION_MODE = wholemodule;
				VALIDATE_PRODUCT = YES;
			};
			name = Release;
		};
		0B9E19452B15442A009C5719 /* Debug */ = {
			isa = XCBuildConfiguration;
			buildSettings = {
				ASSETCATALOG_COMPILER_APPICON_NAME = AppIcon;
				ASSETCATALOG_COMPILER_GLOBAL_ACCENT_COLOR_NAME = AccentColor;
				CODE_SIGN_STYLE = Automatic;
				CURRENT_PROJECT_VERSION = 1;
				GENERATE_INFOPLIST_FILE = YES;
				INFOPLIST_FILE = MoviesApp/Info.plist;
				INFOPLIST_KEY_UIApplicationSupportsIndirectInputEvents = YES;
				INFOPLIST_KEY_UILaunchStoryboardName = LaunchScreen;
				INFOPLIST_KEY_UIMainStoryboardFile = Main;
				INFOPLIST_KEY_UISupportedInterfaceOrientations_iPad = "UIInterfaceOrientationPortrait UIInterfaceOrientationPortraitUpsideDown UIInterfaceOrientationLandscapeLeft UIInterfaceOrientationLandscapeRight";
				INFOPLIST_KEY_UISupportedInterfaceOrientations_iPhone = "UIInterfaceOrientationPortrait UIInterfaceOrientationLandscapeLeft UIInterfaceOrientationLandscapeRight";
				LD_RUNPATH_SEARCH_PATHS = (
					"$(inherited)",
					"@executable_path/Frameworks",
				);
				MARKETING_VERSION = 1.0;
				PRODUCT_BUNDLE_IDENTIFIER = com.khaled.MoviesApp;
				PRODUCT_NAME = "$(TARGET_NAME)";
				SWIFT_EMIT_LOC_STRINGS = YES;
				SWIFT_VERSION = 5.0;
				TARGETED_DEVICE_FAMILY = "1,2";
			};
			name = Debug;
		};
		0B9E19462B15442A009C5719 /* Release */ = {
			isa = XCBuildConfiguration;
			buildSettings = {
				ASSETCATALOG_COMPILER_APPICON_NAME = AppIcon;
				ASSETCATALOG_COMPILER_GLOBAL_ACCENT_COLOR_NAME = AccentColor;
				CODE_SIGN_STYLE = Automatic;
				CURRENT_PROJECT_VERSION = 1;
				GENERATE_INFOPLIST_FILE = YES;
				INFOPLIST_FILE = MoviesApp/Info.plist;
				INFOPLIST_KEY_UIApplicationSupportsIndirectInputEvents = YES;
				INFOPLIST_KEY_UILaunchStoryboardName = LaunchScreen;
				INFOPLIST_KEY_UIMainStoryboardFile = Main;
				INFOPLIST_KEY_UISupportedInterfaceOrientations_iPad = "UIInterfaceOrientationPortrait UIInterfaceOrientationPortraitUpsideDown UIInterfaceOrientationLandscapeLeft UIInterfaceOrientationLandscapeRight";
				INFOPLIST_KEY_UISupportedInterfaceOrientations_iPhone = "UIInterfaceOrientationPortrait UIInterfaceOrientationLandscapeLeft UIInterfaceOrientationLandscapeRight";
				LD_RUNPATH_SEARCH_PATHS = (
					"$(inherited)",
					"@executable_path/Frameworks",
				);
				MARKETING_VERSION = 1.0;
				PRODUCT_BUNDLE_IDENTIFIER = com.khaled.MoviesApp;
				PRODUCT_NAME = "$(TARGET_NAME)";
				SWIFT_EMIT_LOC_STRINGS = YES;
				SWIFT_VERSION = 5.0;
				TARGETED_DEVICE_FAMILY = "1,2";
			};
			name = Release;
		};
		0B9E19482B15442A009C5719 /* Debug */ = {
			isa = XCBuildConfiguration;
			buildSettings = {
				ALWAYS_EMBED_SWIFT_STANDARD_LIBRARIES = YES;
				BUNDLE_LOADER = "$(TEST_HOST)";
				CODE_SIGN_STYLE = Automatic;
				CURRENT_PROJECT_VERSION = 1;
				GENERATE_INFOPLIST_FILE = YES;
				IPHONEOS_DEPLOYMENT_TARGET = 17.0;
				MARKETING_VERSION = 1.0;
				PRODUCT_BUNDLE_IDENTIFIER = com.khaled.MoviesAppTests;
				PRODUCT_NAME = "$(TARGET_NAME)";
				SWIFT_EMIT_LOC_STRINGS = NO;
				SWIFT_VERSION = 5.0;
				TARGETED_DEVICE_FAMILY = "1,2";
				TEST_HOST = "$(BUILT_PRODUCTS_DIR)/MoviesApp.app/$(BUNDLE_EXECUTABLE_FOLDER_PATH)/MoviesApp";
			};
			name = Debug;
		};
		0B9E19492B15442A009C5719 /* Release */ = {
			isa = XCBuildConfiguration;
			buildSettings = {
				ALWAYS_EMBED_SWIFT_STANDARD_LIBRARIES = YES;
				BUNDLE_LOADER = "$(TEST_HOST)";
				CODE_SIGN_STYLE = Automatic;
				CURRENT_PROJECT_VERSION = 1;
				GENERATE_INFOPLIST_FILE = YES;
				IPHONEOS_DEPLOYMENT_TARGET = 17.0;
				MARKETING_VERSION = 1.0;
				PRODUCT_BUNDLE_IDENTIFIER = com.khaled.MoviesAppTests;
				PRODUCT_NAME = "$(TARGET_NAME)";
				SWIFT_EMIT_LOC_STRINGS = NO;
				SWIFT_VERSION = 5.0;
				TARGETED_DEVICE_FAMILY = "1,2";
				TEST_HOST = "$(BUILT_PRODUCTS_DIR)/MoviesApp.app/$(BUNDLE_EXECUTABLE_FOLDER_PATH)/MoviesApp";
			};
			name = Release;
		};
		0B9E194B2B15442A009C5719 /* Debug */ = {
			isa = XCBuildConfiguration;
			buildSettings = {
				ALWAYS_EMBED_SWIFT_STANDARD_LIBRARIES = YES;
				CODE_SIGN_STYLE = Automatic;
				CURRENT_PROJECT_VERSION = 1;
				GENERATE_INFOPLIST_FILE = YES;
				MARKETING_VERSION = 1.0;
				PRODUCT_BUNDLE_IDENTIFIER = com.khaled.MoviesAppUITests;
				PRODUCT_NAME = "$(TARGET_NAME)";
				SWIFT_EMIT_LOC_STRINGS = NO;
				SWIFT_VERSION = 5.0;
				TARGETED_DEVICE_FAMILY = "1,2";
				TEST_TARGET_NAME = MoviesApp;
			};
			name = Debug;
		};
		0B9E194C2B15442A009C5719 /* Release */ = {
			isa = XCBuildConfiguration;
			buildSettings = {
				ALWAYS_EMBED_SWIFT_STANDARD_LIBRARIES = YES;
				CODE_SIGN_STYLE = Automatic;
				CURRENT_PROJECT_VERSION = 1;
				GENERATE_INFOPLIST_FILE = YES;
				MARKETING_VERSION = 1.0;
				PRODUCT_BUNDLE_IDENTIFIER = com.khaled.MoviesAppUITests;
				PRODUCT_NAME = "$(TARGET_NAME)";
				SWIFT_EMIT_LOC_STRINGS = NO;
				SWIFT_VERSION = 5.0;
				TARGETED_DEVICE_FAMILY = "1,2";
				TEST_TARGET_NAME = MoviesApp;
			};
			name = Release;
		};
/* End XCBuildConfiguration section */

/* Begin XCConfigurationList section */
		0B9E19152B154429009C5719 /* Build configuration list for PBXProject "MoviesApp" */ = {
			isa = XCConfigurationList;
			buildConfigurations = (
				0B9E19422B15442A009C5719 /* Debug */,
				0B9E19432B15442A009C5719 /* Release */,
			);
			defaultConfigurationIsVisible = 0;
			defaultConfigurationName = Release;
		};
		0B9E19442B15442A009C5719 /* Build configuration list for PBXNativeTarget "MoviesApp" */ = {
			isa = XCConfigurationList;
			buildConfigurations = (
				0B9E19452B15442A009C5719 /* Debug */,
				0B9E19462B15442A009C5719 /* Release */,
			);
			defaultConfigurationIsVisible = 0;
			defaultConfigurationName = Release;
		};
		0B9E19472B15442A009C5719 /* Build configuration list for PBXNativeTarget "MoviesAppTests" */ = {
			isa = XCConfigurationList;
			buildConfigurations = (
				0B9E19482B15442A009C5719 /* Debug */,
				0B9E19492B15442A009C5719 /* Release */,
			);
			defaultConfigurationIsVisible = 0;
			defaultConfigurationName = Release;
		};
		0B9E194A2B15442A009C5719 /* Build configuration list for PBXNativeTarget "MoviesAppUITests" */ = {
			isa = XCConfigurationList;
			buildConfigurations = (
				0B9E194B2B15442A009C5719 /* Debug */,
				0B9E194C2B15442A009C5719 /* Release */,
			);
			defaultConfigurationIsVisible = 0;
			defaultConfigurationName = Release;
		};
/* End XCConfigurationList section */
	};
	rootObject = 0B9E19122B154429009C5719 /* Project object */;
}
